
Microsoft Visual Studio Solution File, Format Version 12.00
# Visual Studio 2012
VisualStudioVersion = 14.0.23107.0
MinimumVisualStudioVersion = 10.0.40219.1
Project("{FAE04EC0-301F-11D3-BF4B-00C04F79EFBC}") = "Urho", "bindings\Urho.csproj", "{641886DB-2C6C-4D33-88DA-97BEC0EC5F86}"
EndProject
Project("{2150E333-8FDC-42A3-9474-1A3956D46DE8}") = "Samples", "Samples", "{C6DFE49A-24F1-492C-870D-8396C46A1509}"
EndProject
Project("{FAE04EC0-301F-11D3-BF4B-00C04F79EFBC}") = "Urho.Samples.Droid", "Samples\Android\Urho.Samples.Android\Urho.Samples.Droid.csproj", "{9599B6A8-09DA-455C-9391-319A1FCDC5B6}"
EndProject
Project("{FAE04EC0-301F-11D3-BF4B-00C04F79EFBC}") = "Urho.Samples.Droid.SdlBinding", "Samples\Android\Urho.Samples.Android.SdlBinding\Urho.Samples.Droid.SdlBinding.csproj", "{8C31B058-C9A0-44D5-9BF5-9042BAD771B2}"
EndProject
Project("{FAE04EC0-301F-11D3-BF4B-00C04F79EFBC}") = "Urho.Samples", "Samples\Common\Urho.Samples.csproj", "{792AF649-1BB3-4242-8BA3-61F67E357B18}"
EndProject
Project("{FAE04EC0-301F-11D3-BF4B-00C04F79EFBC}") = "Urho.Samples.Desktop", "Samples\Desktop\Urho.Samples.Desktop.csproj", "{B0B898C4-3EB0-4F5F-BAA5-FCEFE66371D4}"
EndProject
Global
	GlobalSection(SolutionConfigurationPlatforms) = preSolution
		Debug|Any CPU = Debug|Any CPU
		Debug|x64 = Debug|x64
		Release|Any CPU = Release|Any CPU
		Release|x64 = Release|x64
	EndGlobalSection
	GlobalSection(ProjectConfigurationPlatforms) = postSolution
		{641886DB-2C6C-4D33-88DA-97BEC0EC5F86}.Debug|Any CPU.ActiveCfg = Debug|Any CPU
		{641886DB-2C6C-4D33-88DA-97BEC0EC5F86}.Debug|Any CPU.Build.0 = Debug|Any CPU
		{641886DB-2C6C-4D33-88DA-97BEC0EC5F86}.Debug|x64.ActiveCfg = Debug|Any CPU
		{641886DB-2C6C-4D33-88DA-97BEC0EC5F86}.Debug|x64.Build.0 = Debug|Any CPU
		{641886DB-2C6C-4D33-88DA-97BEC0EC5F86}.Release|Any CPU.ActiveCfg = Release|Any CPU
		{641886DB-2C6C-4D33-88DA-97BEC0EC5F86}.Release|Any CPU.Build.0 = Release|Any CPU
		{641886DB-2C6C-4D33-88DA-97BEC0EC5F86}.Release|x64.ActiveCfg = Release|Any CPU
		{641886DB-2C6C-4D33-88DA-97BEC0EC5F86}.Release|x64.Build.0 = Release|Any CPU
		{792AF649-1BB3-4242-8BA3-61F67E357B18}.Debug|Any CPU.ActiveCfg = Debug|Any CPU
		{792AF649-1BB3-4242-8BA3-61F67E357B18}.Debug|Any CPU.Build.0 = Debug|Any CPU
		{792AF649-1BB3-4242-8BA3-61F67E357B18}.Debug|x64.ActiveCfg = Debug|Any CPU
		{792AF649-1BB3-4242-8BA3-61F67E357B18}.Debug|x64.Build.0 = Debug|Any CPU
		{792AF649-1BB3-4242-8BA3-61F67E357B18}.Release|Any CPU.ActiveCfg = Release|Any CPU
		{792AF649-1BB3-4242-8BA3-61F67E357B18}.Release|Any CPU.Build.0 = Release|Any CPU
		{792AF649-1BB3-4242-8BA3-61F67E357B18}.Release|x64.ActiveCfg = Release|Any CPU
		{792AF649-1BB3-4242-8BA3-61F67E357B18}.Release|x64.Build.0 = Release|Any CPU
		{8C31B058-C9A0-44D5-9BF5-9042BAD771B2}.Debug|Any CPU.ActiveCfg = Debug|Any CPU
		{8C31B058-C9A0-44D5-9BF5-9042BAD771B2}.Debug|Any CPU.Build.0 = Debug|Any CPU
		{8C31B058-C9A0-44D5-9BF5-9042BAD771B2}.Debug|x64.ActiveCfg = Debug|Any CPU
		{8C31B058-C9A0-44D5-9BF5-9042BAD771B2}.Debug|x64.Build.0 = Debug|Any CPU
		{8C31B058-C9A0-44D5-9BF5-9042BAD771B2}.Release|Any CPU.ActiveCfg = Release|Any CPU
		{8C31B058-C9A0-44D5-9BF5-9042BAD771B2}.Release|Any CPU.Build.0 = Release|Any CPU
		{8C31B058-C9A0-44D5-9BF5-9042BAD771B2}.Release|x64.ActiveCfg = Release|Any CPU
		{8C31B058-C9A0-44D5-9BF5-9042BAD771B2}.Release|x64.Build.0 = Release|Any CPU
		{9599B6A8-09DA-455C-9391-319A1FCDC5B6}.Debug|Any CPU.ActiveCfg = Debug|Any CPU
		{9599B6A8-09DA-455C-9391-319A1FCDC5B6}.Debug|Any CPU.Build.0 = Debug|Any CPU
		{9599B6A8-09DA-455C-9391-319A1FCDC5B6}.Debug|Any CPU.Deploy.0 = Debug|Any CPU
		{9599B6A8-09DA-455C-9391-319A1FCDC5B6}.Debug|x64.ActiveCfg = Debug|Any CPU
		{9599B6A8-09DA-455C-9391-319A1FCDC5B6}.Debug|x64.Build.0 = Debug|Any CPU
		{9599B6A8-09DA-455C-9391-319A1FCDC5B6}.Debug|x64.Deploy.0 = Debug|Any CPU
		{9599B6A8-09DA-455C-9391-319A1FCDC5B6}.Release|Any CPU.ActiveCfg = Release|Any CPU
		{9599B6A8-09DA-455C-9391-319A1FCDC5B6}.Release|Any CPU.Build.0 = Release|Any CPU
		{9599B6A8-09DA-455C-9391-319A1FCDC5B6}.Release|Any CPU.Deploy.0 = Release|Any CPU
		{9599B6A8-09DA-455C-9391-319A1FCDC5B6}.Release|x64.ActiveCfg = Release|Any CPU
		{9599B6A8-09DA-455C-9391-319A1FCDC5B6}.Release|x64.Build.0 = Release|Any CPU
		{9599B6A8-09DA-455C-9391-319A1FCDC5B6}.Release|x64.Deploy.0 = Release|Any CPU
		{B0B898C4-3EB0-4F5F-BAA5-FCEFE66371D4}.Debug|Any CPU.ActiveCfg = Debug|Any CPU
		{B0B898C4-3EB0-4F5F-BAA5-FCEFE66371D4}.Debug|Any CPU.Build.0 = Debug|Any CPU
		{B0B898C4-3EB0-4F5F-BAA5-FCEFE66371D4}.Debug|x64.ActiveCfg = Debug|Any CPU
		{B0B898C4-3EB0-4F5F-BAA5-FCEFE66371D4}.Debug|x64.Build.0 = Debug|Any CPU
		{B0B898C4-3EB0-4F5F-BAA5-FCEFE66371D4}.Release|Any CPU.ActiveCfg = Release|Any CPU
		{B0B898C4-3EB0-4F5F-BAA5-FCEFE66371D4}.Release|Any CPU.Build.0 = Release|Any CPU
		{B0B898C4-3EB0-4F5F-BAA5-FCEFE66371D4}.Release|x64.ActiveCfg = Release|Any CPU
		{B0B898C4-3EB0-4F5F-BAA5-FCEFE66371D4}.Release|x64.Build.0 = Release|Any CPU
	EndGlobalSection
	GlobalSection(NestedProjects) = preSolution
		{9599B6A8-09DA-455C-9391-319A1FCDC5B6} = {C6DFE49A-24F1-492C-870D-8396C46A1509}
		{8C31B058-C9A0-44D5-9BF5-9042BAD771B2} = {C6DFE49A-24F1-492C-870D-8396C46A1509}
		{792AF649-1BB3-4242-8BA3-61F67E357B18} = {C6DFE49A-24F1-492C-870D-8396C46A1509}
		{B0B898C4-3EB0-4F5F-BAA5-FCEFE66371D4} = {C6DFE49A-24F1-492C-870D-8396C46A1509}
	EndGlobalSection
	GlobalSection(SolutionProperties) = preSolution
		HideSolutionNode = FALSE
	EndGlobalSection
EndGlobal
