
Microsoft Visual Studio Solution File, Format Version 12.00
# Visual Studio 14
VisualStudioVersion = 14.0.23107.0
MinimumVisualStudioVersion = 10.0.40219.1
Project("{FAE04EC0-301F-11D3-BF4B-00C04F79EFBC}") = "Urho", "bindings\Urho.csproj", "{641886DB-2C6C-4D33-88DA-97BEC0EC5F86}"
EndProject
Project("{8BC9CEB8-8B4A-11D0-8D11-00A0C91BC942}") = "MonoUrho.Windows", "Urho3D\Urho3D_Windows\MonoUrho.Windows\MonoUrho.Windows.vcxproj", "{6F1CB939-16E1-4753-91B1-A0B5C04D3121}"
EndProject
Project("{FAE04EC0-301F-11D3-BF4B-00C04F79EFBC}") = "Urho.Droid", "Bindings\Android\Urho.Droid.csproj", "{F0C1189B-75F7-4BD8-B394-A23D5B03EFF6}"
EndProject
Project("{FAE04EC0-301F-11D3-BF4B-00C04F79EFBC}") = "Urho.Droid.SdlBindings", "Bindings\Android\Urho.Android.SdlBindings\Urho.Droid.SdlBindings.csproj", "{9438F1BB-E800-48C0-95CE-F158A60ABD36}"
EndProject
Project("{FAE04EC0-301F-11D3-BF4B-00C04F79EFBC}") = "Urho.iOS", "Bindings\iOS\Urho.iOS.csproj", "{9AE80BD9-E1E2-41DA-BB6F-712B35028BD9}"
EndProject
Project("{FAE04EC0-301F-11D3-BF4B-00C04F79EFBC}") = "Urho.Desktop", "Bindings\Desktop\Urho.Desktop.csproj", "{F0359D5E-D6D4-47D3-A9F0-5A97C31DC476}"
EndProject
Project("{2150E333-8FDC-42A3-9474-1A3956D46DE8}") = "Misc", "Misc", "{ED29FA71-95CA-4E72-92F8-813A25C81218}"
	ProjectSection(SolutionItems) = preProject
		MakeAndroid = MakeAndroid
		Makefile = Makefile
		MakeiOS = MakeiOS
		MakeMac = MakeMac
		Urho.nuspec = Urho.nuspec
	EndProjectSection
EndProject
Project("{2150E333-8FDC-42A3-9474-1A3956D46DE8}") = "Samples", "Samples", "{207BA5C8-8E07-4B99-BC08-5564F529698A}"
EndProject
Project("{FAE04EC0-301F-11D3-BF4B-00C04F79EFBC}") = "Urho.Samples", "Samples\Core\Urho.Samples.csproj", "{792AF649-1BB3-4242-8BA3-61F67E357B18}"
EndProject
Project("{FAE04EC0-301F-11D3-BF4B-00C04F79EFBC}") = "Urho.Samples.Droid", "Samples\Android\Urho.Samples.Droid.csproj", "{9599B6A8-09DA-455C-9391-319A1FCDC5B6}"
EndProject
Project("{FAE04EC0-301F-11D3-BF4B-00C04F79EFBC}") = "Urho.Samples.Desktop", "Samples\Desktop\Urho.Samples.Desktop.csproj", "{C9D62FA9-7107-466F-BD0D-B0AAA69D975B}"
EndProject
Project("{FAE04EC0-301F-11D3-BF4B-00C04F79EFBC}") = "Urho.Samples.iOS", "Samples\iOS\Urho.Samples.iOS.csproj", "{4190D8C8-C168-4B6C-B76C-0F4F63E7D5CF}"
EndProject
Global
	GlobalSection(SolutionConfigurationPlatforms) = preSolution
		Ad-Hoc|Any CPU = Ad-Hoc|Any CPU
		Ad-Hoc|iPhone = Ad-Hoc|iPhone
		Ad-Hoc|iPhoneSimulator = Ad-Hoc|iPhoneSimulator
		Ad-Hoc|x64 = Ad-Hoc|x64
		Ad-Hoc|x86 = Ad-Hoc|x86
		AppStore|Any CPU = AppStore|Any CPU
		AppStore|iPhone = AppStore|iPhone
		AppStore|iPhoneSimulator = AppStore|iPhoneSimulator
		AppStore|x64 = AppStore|x64
		AppStore|x86 = AppStore|x86
		Debug|Any CPU = Debug|Any CPU
		Debug|iPhone = Debug|iPhone
		Debug|iPhoneSimulator = Debug|iPhoneSimulator
		Debug|x64 = Debug|x64
		Debug|x86 = Debug|x86
		Release|Any CPU = Release|Any CPU
		Release|iPhone = Release|iPhone
		Release|iPhoneSimulator = Release|iPhoneSimulator
		Release|x64 = Release|x64
		Release|x86 = Release|x86
		RelWithDebInfo|Any CPU = RelWithDebInfo|Any CPU
		RelWithDebInfo|iPhone = RelWithDebInfo|iPhone
		RelWithDebInfo|iPhoneSimulator = RelWithDebInfo|iPhoneSimulator
		RelWithDebInfo|x64 = RelWithDebInfo|x64
		RelWithDebInfo|x86 = RelWithDebInfo|x86
	EndGlobalSection
	GlobalSection(ProjectConfigurationPlatforms) = postSolution
		{641886DB-2C6C-4D33-88DA-97BEC0EC5F86}.Ad-Hoc|Any CPU.ActiveCfg = Release|Any CPU
		{641886DB-2C6C-4D33-88DA-97BEC0EC5F86}.Ad-Hoc|Any CPU.Build.0 = Release|Any CPU
		{641886DB-2C6C-4D33-88DA-97BEC0EC5F86}.Ad-Hoc|iPhone.ActiveCfg = Release|Any CPU
		{641886DB-2C6C-4D33-88DA-97BEC0EC5F86}.Ad-Hoc|iPhone.Build.0 = Release|Any CPU
		{641886DB-2C6C-4D33-88DA-97BEC0EC5F86}.Ad-Hoc|iPhoneSimulator.ActiveCfg = Release|Any CPU
		{641886DB-2C6C-4D33-88DA-97BEC0EC5F86}.Ad-Hoc|iPhoneSimulator.Build.0 = Release|Any CPU
		{641886DB-2C6C-4D33-88DA-97BEC0EC5F86}.Ad-Hoc|x64.ActiveCfg = Release|Any CPU
		{641886DB-2C6C-4D33-88DA-97BEC0EC5F86}.Ad-Hoc|x64.Build.0 = Release|Any CPU
		{641886DB-2C6C-4D33-88DA-97BEC0EC5F86}.Ad-Hoc|x86.ActiveCfg = Debug|Any CPU
		{641886DB-2C6C-4D33-88DA-97BEC0EC5F86}.Ad-Hoc|x86.Build.0 = Debug|Any CPU
		{641886DB-2C6C-4D33-88DA-97BEC0EC5F86}.AppStore|Any CPU.ActiveCfg = Release|Any CPU
		{641886DB-2C6C-4D33-88DA-97BEC0EC5F86}.AppStore|Any CPU.Build.0 = Release|Any CPU
		{641886DB-2C6C-4D33-88DA-97BEC0EC5F86}.AppStore|iPhone.ActiveCfg = Release|Any CPU
		{641886DB-2C6C-4D33-88DA-97BEC0EC5F86}.AppStore|iPhone.Build.0 = Release|Any CPU
		{641886DB-2C6C-4D33-88DA-97BEC0EC5F86}.AppStore|iPhoneSimulator.ActiveCfg = Release|Any CPU
		{641886DB-2C6C-4D33-88DA-97BEC0EC5F86}.AppStore|iPhoneSimulator.Build.0 = Release|Any CPU
		{641886DB-2C6C-4D33-88DA-97BEC0EC5F86}.AppStore|x64.ActiveCfg = Release|Any CPU
		{641886DB-2C6C-4D33-88DA-97BEC0EC5F86}.AppStore|x64.Build.0 = Release|Any CPU
		{641886DB-2C6C-4D33-88DA-97BEC0EC5F86}.AppStore|x86.ActiveCfg = Debug|Any CPU
		{641886DB-2C6C-4D33-88DA-97BEC0EC5F86}.AppStore|x86.Build.0 = Debug|Any CPU
		{641886DB-2C6C-4D33-88DA-97BEC0EC5F86}.Debug|Any CPU.ActiveCfg = Debug|Any CPU
		{641886DB-2C6C-4D33-88DA-97BEC0EC5F86}.Debug|Any CPU.Build.0 = Debug|Any CPU
		{641886DB-2C6C-4D33-88DA-97BEC0EC5F86}.Debug|iPhone.ActiveCfg = Debug|Any CPU
		{641886DB-2C6C-4D33-88DA-97BEC0EC5F86}.Debug|iPhone.Build.0 = Debug|Any CPU
		{641886DB-2C6C-4D33-88DA-97BEC0EC5F86}.Debug|iPhoneSimulator.ActiveCfg = Debug|Any CPU
		{641886DB-2C6C-4D33-88DA-97BEC0EC5F86}.Debug|iPhoneSimulator.Build.0 = Debug|Any CPU
		{641886DB-2C6C-4D33-88DA-97BEC0EC5F86}.Debug|x64.ActiveCfg = Debug|Any CPU
		{641886DB-2C6C-4D33-88DA-97BEC0EC5F86}.Debug|x64.Build.0 = Debug|Any CPU
		{641886DB-2C6C-4D33-88DA-97BEC0EC5F86}.Debug|x86.ActiveCfg = Debug|Any CPU
		{641886DB-2C6C-4D33-88DA-97BEC0EC5F86}.Debug|x86.Build.0 = Debug|Any CPU
		{641886DB-2C6C-4D33-88DA-97BEC0EC5F86}.Release|Any CPU.ActiveCfg = Release|Any CPU
		{641886DB-2C6C-4D33-88DA-97BEC0EC5F86}.Release|Any CPU.Build.0 = Release|Any CPU
		{641886DB-2C6C-4D33-88DA-97BEC0EC5F86}.Release|iPhone.ActiveCfg = Release|Any CPU
		{641886DB-2C6C-4D33-88DA-97BEC0EC5F86}.Release|iPhone.Build.0 = Release|Any CPU
		{641886DB-2C6C-4D33-88DA-97BEC0EC5F86}.Release|iPhoneSimulator.ActiveCfg = Release|Any CPU
		{641886DB-2C6C-4D33-88DA-97BEC0EC5F86}.Release|iPhoneSimulator.Build.0 = Release|Any CPU
		{641886DB-2C6C-4D33-88DA-97BEC0EC5F86}.Release|x64.ActiveCfg = Release|Any CPU
		{641886DB-2C6C-4D33-88DA-97BEC0EC5F86}.Release|x64.Build.0 = Release|Any CPU
		{641886DB-2C6C-4D33-88DA-97BEC0EC5F86}.Release|x86.ActiveCfg = Release|Any CPU
		{641886DB-2C6C-4D33-88DA-97BEC0EC5F86}.Release|x86.Build.0 = Release|Any CPU
		{641886DB-2C6C-4D33-88DA-97BEC0EC5F86}.RelWithDebInfo|Any CPU.ActiveCfg = Release|Any CPU
		{641886DB-2C6C-4D33-88DA-97BEC0EC5F86}.RelWithDebInfo|Any CPU.Build.0 = Release|Any CPU
		{641886DB-2C6C-4D33-88DA-97BEC0EC5F86}.RelWithDebInfo|iPhone.ActiveCfg = Release|Any CPU
		{641886DB-2C6C-4D33-88DA-97BEC0EC5F86}.RelWithDebInfo|iPhone.Build.0 = Release|Any CPU
		{641886DB-2C6C-4D33-88DA-97BEC0EC5F86}.RelWithDebInfo|iPhoneSimulator.ActiveCfg = Release|Any CPU
		{641886DB-2C6C-4D33-88DA-97BEC0EC5F86}.RelWithDebInfo|iPhoneSimulator.Build.0 = Release|Any CPU
		{641886DB-2C6C-4D33-88DA-97BEC0EC5F86}.RelWithDebInfo|x64.ActiveCfg = Release|Any CPU
		{641886DB-2C6C-4D33-88DA-97BEC0EC5F86}.RelWithDebInfo|x64.Build.0 = Release|Any CPU
		{641886DB-2C6C-4D33-88DA-97BEC0EC5F86}.RelWithDebInfo|x86.ActiveCfg = Release|Any CPU
		{641886DB-2C6C-4D33-88DA-97BEC0EC5F86}.RelWithDebInfo|x86.Build.0 = Release|Any CPU
		{6F1CB939-16E1-4753-91B1-A0B5C04D3121}.Ad-Hoc|Any CPU.ActiveCfg = Release|x64
		{6F1CB939-16E1-4753-91B1-A0B5C04D3121}.Ad-Hoc|Any CPU.Build.0 = Release|x64
		{6F1CB939-16E1-4753-91B1-A0B5C04D3121}.Ad-Hoc|iPhone.ActiveCfg = Release|x64
		{6F1CB939-16E1-4753-91B1-A0B5C04D3121}.Ad-Hoc|iPhone.Build.0 = Release|x64
		{6F1CB939-16E1-4753-91B1-A0B5C04D3121}.Ad-Hoc|iPhoneSimulator.ActiveCfg = Release|x64
		{6F1CB939-16E1-4753-91B1-A0B5C04D3121}.Ad-Hoc|iPhoneSimulator.Build.0 = Release|x64
		{6F1CB939-16E1-4753-91B1-A0B5C04D3121}.Ad-Hoc|x64.ActiveCfg = Release|x64
		{6F1CB939-16E1-4753-91B1-A0B5C04D3121}.Ad-Hoc|x64.Build.0 = Release|x64
		{6F1CB939-16E1-4753-91B1-A0B5C04D3121}.Ad-Hoc|x86.ActiveCfg = Release|Win32
		{6F1CB939-16E1-4753-91B1-A0B5C04D3121}.Ad-Hoc|x86.Build.0 = Release|Win32
		{6F1CB939-16E1-4753-91B1-A0B5C04D3121}.AppStore|Any CPU.ActiveCfg = Release|x64
		{6F1CB939-16E1-4753-91B1-A0B5C04D3121}.AppStore|Any CPU.Build.0 = Release|x64
		{6F1CB939-16E1-4753-91B1-A0B5C04D3121}.AppStore|iPhone.ActiveCfg = Release|x64
		{6F1CB939-16E1-4753-91B1-A0B5C04D3121}.AppStore|iPhone.Build.0 = Release|x64
		{6F1CB939-16E1-4753-91B1-A0B5C04D3121}.AppStore|iPhoneSimulator.ActiveCfg = Release|x64
		{6F1CB939-16E1-4753-91B1-A0B5C04D3121}.AppStore|iPhoneSimulator.Build.0 = Release|x64
		{6F1CB939-16E1-4753-91B1-A0B5C04D3121}.AppStore|x64.ActiveCfg = Release|x64
		{6F1CB939-16E1-4753-91B1-A0B5C04D3121}.AppStore|x64.Build.0 = Release|x64
		{6F1CB939-16E1-4753-91B1-A0B5C04D3121}.AppStore|x86.ActiveCfg = Release|Win32
		{6F1CB939-16E1-4753-91B1-A0B5C04D3121}.AppStore|x86.Build.0 = Release|Win32
		{6F1CB939-16E1-4753-91B1-A0B5C04D3121}.Debug|Any CPU.ActiveCfg = Release|x64
		{6F1CB939-16E1-4753-91B1-A0B5C04D3121}.Debug|Any CPU.Build.0 = Release|x64
		{6F1CB939-16E1-4753-91B1-A0B5C04D3121}.Debug|Any CPU.Deploy.0 = Release|x64
		{6F1CB939-16E1-4753-91B1-A0B5C04D3121}.Debug|iPhone.ActiveCfg = Release|x64
		{6F1CB939-16E1-4753-91B1-A0B5C04D3121}.Debug|iPhone.Build.0 = Release|x64
		{6F1CB939-16E1-4753-91B1-A0B5C04D3121}.Debug|iPhoneSimulator.ActiveCfg = Release|x64
		{6F1CB939-16E1-4753-91B1-A0B5C04D3121}.Debug|iPhoneSimulator.Build.0 = Release|x64
		{6F1CB939-16E1-4753-91B1-A0B5C04D3121}.Debug|x64.ActiveCfg = Release|x64
		{6F1CB939-16E1-4753-91B1-A0B5C04D3121}.Debug|x64.Build.0 = Release|x64
		{6F1CB939-16E1-4753-91B1-A0B5C04D3121}.Debug|x86.ActiveCfg = Release|Win32
		{6F1CB939-16E1-4753-91B1-A0B5C04D3121}.Debug|x86.Build.0 = Release|Win32
		{6F1CB939-16E1-4753-91B1-A0B5C04D3121}.Release|Any CPU.ActiveCfg = Release|x64
		{6F1CB939-16E1-4753-91B1-A0B5C04D3121}.Release|Any CPU.Build.0 = Release|x64
		{6F1CB939-16E1-4753-91B1-A0B5C04D3121}.Release|iPhone.ActiveCfg = Release|Win32
		{6F1CB939-16E1-4753-91B1-A0B5C04D3121}.Release|iPhoneSimulator.ActiveCfg = Release|Win32
		{6F1CB939-16E1-4753-91B1-A0B5C04D3121}.Release|x64.ActiveCfg = Release|x64
		{6F1CB939-16E1-4753-91B1-A0B5C04D3121}.Release|x64.Build.0 = Release|x64
		{6F1CB939-16E1-4753-91B1-A0B5C04D3121}.Release|x86.ActiveCfg = Release|Win32
		{6F1CB939-16E1-4753-91B1-A0B5C04D3121}.Release|x86.Build.0 = Release|Win32
		{6F1CB939-16E1-4753-91B1-A0B5C04D3121}.RelWithDebInfo|Any CPU.ActiveCfg = Release|x64
		{6F1CB939-16E1-4753-91B1-A0B5C04D3121}.RelWithDebInfo|Any CPU.Build.0 = Release|x64
		{6F1CB939-16E1-4753-91B1-A0B5C04D3121}.RelWithDebInfo|iPhone.ActiveCfg = Release|x64
		{6F1CB939-16E1-4753-91B1-A0B5C04D3121}.RelWithDebInfo|iPhone.Build.0 = Release|x64
		{6F1CB939-16E1-4753-91B1-A0B5C04D3121}.RelWithDebInfo|iPhoneSimulator.ActiveCfg = Release|x64
		{6F1CB939-16E1-4753-91B1-A0B5C04D3121}.RelWithDebInfo|iPhoneSimulator.Build.0 = Release|x64
		{6F1CB939-16E1-4753-91B1-A0B5C04D3121}.RelWithDebInfo|x64.ActiveCfg = Release|x64
		{6F1CB939-16E1-4753-91B1-A0B5C04D3121}.RelWithDebInfo|x64.Build.0 = Release|x64
		{6F1CB939-16E1-4753-91B1-A0B5C04D3121}.RelWithDebInfo|x86.ActiveCfg = Release|Win32
		{6F1CB939-16E1-4753-91B1-A0B5C04D3121}.RelWithDebInfo|x86.Build.0 = Release|Win32
		{F0C1189B-75F7-4BD8-B394-A23D5B03EFF6}.Ad-Hoc|Any CPU.ActiveCfg = Release|Any CPU
		{F0C1189B-75F7-4BD8-B394-A23D5B03EFF6}.Ad-Hoc|Any CPU.Build.0 = Release|Any CPU
		{F0C1189B-75F7-4BD8-B394-A23D5B03EFF6}.Ad-Hoc|iPhone.ActiveCfg = Release|Any CPU
		{F0C1189B-75F7-4BD8-B394-A23D5B03EFF6}.Ad-Hoc|iPhone.Build.0 = Release|Any CPU
		{F0C1189B-75F7-4BD8-B394-A23D5B03EFF6}.Ad-Hoc|iPhoneSimulator.ActiveCfg = Release|Any CPU
		{F0C1189B-75F7-4BD8-B394-A23D5B03EFF6}.Ad-Hoc|iPhoneSimulator.Build.0 = Release|Any CPU
		{F0C1189B-75F7-4BD8-B394-A23D5B03EFF6}.Ad-Hoc|x64.ActiveCfg = Release|Any CPU
		{F0C1189B-75F7-4BD8-B394-A23D5B03EFF6}.Ad-Hoc|x64.Build.0 = Release|Any CPU
		{F0C1189B-75F7-4BD8-B394-A23D5B03EFF6}.Ad-Hoc|x86.ActiveCfg = Release|Any CPU
		{F0C1189B-75F7-4BD8-B394-A23D5B03EFF6}.Ad-Hoc|x86.Build.0 = Release|Any CPU
		{F0C1189B-75F7-4BD8-B394-A23D5B03EFF6}.AppStore|Any CPU.ActiveCfg = Release|Any CPU
		{F0C1189B-75F7-4BD8-B394-A23D5B03EFF6}.AppStore|Any CPU.Build.0 = Release|Any CPU
		{F0C1189B-75F7-4BD8-B394-A23D5B03EFF6}.AppStore|iPhone.ActiveCfg = Release|Any CPU
		{F0C1189B-75F7-4BD8-B394-A23D5B03EFF6}.AppStore|iPhone.Build.0 = Release|Any CPU
		{F0C1189B-75F7-4BD8-B394-A23D5B03EFF6}.AppStore|iPhoneSimulator.ActiveCfg = Release|Any CPU
		{F0C1189B-75F7-4BD8-B394-A23D5B03EFF6}.AppStore|iPhoneSimulator.Build.0 = Release|Any CPU
		{F0C1189B-75F7-4BD8-B394-A23D5B03EFF6}.AppStore|x64.ActiveCfg = Release|Any CPU
		{F0C1189B-75F7-4BD8-B394-A23D5B03EFF6}.AppStore|x64.Build.0 = Release|Any CPU
		{F0C1189B-75F7-4BD8-B394-A23D5B03EFF6}.AppStore|x86.ActiveCfg = Release|Any CPU
		{F0C1189B-75F7-4BD8-B394-A23D5B03EFF6}.AppStore|x86.Build.0 = Release|Any CPU
		{F0C1189B-75F7-4BD8-B394-A23D5B03EFF6}.Debug|Any CPU.ActiveCfg = Debug|Any CPU
		{F0C1189B-75F7-4BD8-B394-A23D5B03EFF6}.Debug|Any CPU.Build.0 = Debug|Any CPU
		{F0C1189B-75F7-4BD8-B394-A23D5B03EFF6}.Debug|iPhone.ActiveCfg = Debug|Any CPU
		{F0C1189B-75F7-4BD8-B394-A23D5B03EFF6}.Debug|iPhone.Build.0 = Debug|Any CPU
		{F0C1189B-75F7-4BD8-B394-A23D5B03EFF6}.Debug|iPhoneSimulator.ActiveCfg = Debug|Any CPU
		{F0C1189B-75F7-4BD8-B394-A23D5B03EFF6}.Debug|iPhoneSimulator.Build.0 = Debug|Any CPU
		{F0C1189B-75F7-4BD8-B394-A23D5B03EFF6}.Debug|x64.ActiveCfg = Debug|Any CPU
		{F0C1189B-75F7-4BD8-B394-A23D5B03EFF6}.Debug|x64.Build.0 = Debug|Any CPU
		{F0C1189B-75F7-4BD8-B394-A23D5B03EFF6}.Debug|x86.ActiveCfg = Debug|Any CPU
		{F0C1189B-75F7-4BD8-B394-A23D5B03EFF6}.Debug|x86.Build.0 = Debug|Any CPU
		{F0C1189B-75F7-4BD8-B394-A23D5B03EFF6}.Release|Any CPU.ActiveCfg = Release|Any CPU
		{F0C1189B-75F7-4BD8-B394-A23D5B03EFF6}.Release|Any CPU.Build.0 = Release|Any CPU
		{F0C1189B-75F7-4BD8-B394-A23D5B03EFF6}.Release|iPhone.ActiveCfg = Release|Any CPU
		{F0C1189B-75F7-4BD8-B394-A23D5B03EFF6}.Release|iPhone.Build.0 = Release|Any CPU
		{F0C1189B-75F7-4BD8-B394-A23D5B03EFF6}.Release|iPhoneSimulator.ActiveCfg = Release|Any CPU
		{F0C1189B-75F7-4BD8-B394-A23D5B03EFF6}.Release|iPhoneSimulator.Build.0 = Release|Any CPU
		{F0C1189B-75F7-4BD8-B394-A23D5B03EFF6}.Release|x64.ActiveCfg = Release|Any CPU
		{F0C1189B-75F7-4BD8-B394-A23D5B03EFF6}.Release|x64.Build.0 = Release|Any CPU
		{F0C1189B-75F7-4BD8-B394-A23D5B03EFF6}.Release|x86.ActiveCfg = Release|Any CPU
		{F0C1189B-75F7-4BD8-B394-A23D5B03EFF6}.Release|x86.Build.0 = Release|Any CPU
		{F0C1189B-75F7-4BD8-B394-A23D5B03EFF6}.RelWithDebInfo|Any CPU.ActiveCfg = Release|Any CPU
		{F0C1189B-75F7-4BD8-B394-A23D5B03EFF6}.RelWithDebInfo|Any CPU.Build.0 = Release|Any CPU
		{F0C1189B-75F7-4BD8-B394-A23D5B03EFF6}.RelWithDebInfo|iPhone.ActiveCfg = Release|Any CPU
		{F0C1189B-75F7-4BD8-B394-A23D5B03EFF6}.RelWithDebInfo|iPhone.Build.0 = Release|Any CPU
		{F0C1189B-75F7-4BD8-B394-A23D5B03EFF6}.RelWithDebInfo|iPhoneSimulator.ActiveCfg = Release|Any CPU
		{F0C1189B-75F7-4BD8-B394-A23D5B03EFF6}.RelWithDebInfo|iPhoneSimulator.Build.0 = Release|Any CPU
		{F0C1189B-75F7-4BD8-B394-A23D5B03EFF6}.RelWithDebInfo|x64.ActiveCfg = Release|Any CPU
		{F0C1189B-75F7-4BD8-B394-A23D5B03EFF6}.RelWithDebInfo|x64.Build.0 = Release|Any CPU
		{F0C1189B-75F7-4BD8-B394-A23D5B03EFF6}.RelWithDebInfo|x86.ActiveCfg = Release|Any CPU
		{F0C1189B-75F7-4BD8-B394-A23D5B03EFF6}.RelWithDebInfo|x86.Build.0 = Release|Any CPU
		{9438F1BB-E800-48C0-95CE-F158A60ABD36}.Ad-Hoc|Any CPU.ActiveCfg = Release|Any CPU
		{9438F1BB-E800-48C0-95CE-F158A60ABD36}.Ad-Hoc|Any CPU.Build.0 = Release|Any CPU
		{9438F1BB-E800-48C0-95CE-F158A60ABD36}.Ad-Hoc|iPhone.ActiveCfg = Release|Any CPU
		{9438F1BB-E800-48C0-95CE-F158A60ABD36}.Ad-Hoc|iPhone.Build.0 = Release|Any CPU
		{9438F1BB-E800-48C0-95CE-F158A60ABD36}.Ad-Hoc|iPhoneSimulator.ActiveCfg = Release|Any CPU
		{9438F1BB-E800-48C0-95CE-F158A60ABD36}.Ad-Hoc|iPhoneSimulator.Build.0 = Release|Any CPU
		{9438F1BB-E800-48C0-95CE-F158A60ABD36}.Ad-Hoc|x64.ActiveCfg = Release|Any CPU
		{9438F1BB-E800-48C0-95CE-F158A60ABD36}.Ad-Hoc|x64.Build.0 = Release|Any CPU
		{9438F1BB-E800-48C0-95CE-F158A60ABD36}.Ad-Hoc|x86.ActiveCfg = Release|Any CPU
		{9438F1BB-E800-48C0-95CE-F158A60ABD36}.Ad-Hoc|x86.Build.0 = Release|Any CPU
		{9438F1BB-E800-48C0-95CE-F158A60ABD36}.AppStore|Any CPU.ActiveCfg = Release|Any CPU
		{9438F1BB-E800-48C0-95CE-F158A60ABD36}.AppStore|Any CPU.Build.0 = Release|Any CPU
		{9438F1BB-E800-48C0-95CE-F158A60ABD36}.AppStore|iPhone.ActiveCfg = Release|Any CPU
		{9438F1BB-E800-48C0-95CE-F158A60ABD36}.AppStore|iPhone.Build.0 = Release|Any CPU
		{9438F1BB-E800-48C0-95CE-F158A60ABD36}.AppStore|iPhoneSimulator.ActiveCfg = Release|Any CPU
		{9438F1BB-E800-48C0-95CE-F158A60ABD36}.AppStore|iPhoneSimulator.Build.0 = Release|Any CPU
		{9438F1BB-E800-48C0-95CE-F158A60ABD36}.AppStore|x64.ActiveCfg = Release|Any CPU
		{9438F1BB-E800-48C0-95CE-F158A60ABD36}.AppStore|x64.Build.0 = Release|Any CPU
		{9438F1BB-E800-48C0-95CE-F158A60ABD36}.AppStore|x86.ActiveCfg = Release|Any CPU
		{9438F1BB-E800-48C0-95CE-F158A60ABD36}.AppStore|x86.Build.0 = Release|Any CPU
		{9438F1BB-E800-48C0-95CE-F158A60ABD36}.Debug|Any CPU.ActiveCfg = Debug|Any CPU
		{9438F1BB-E800-48C0-95CE-F158A60ABD36}.Debug|Any CPU.Build.0 = Debug|Any CPU
		{9438F1BB-E800-48C0-95CE-F158A60ABD36}.Debug|iPhone.ActiveCfg = Debug|Any CPU
		{9438F1BB-E800-48C0-95CE-F158A60ABD36}.Debug|iPhone.Build.0 = Debug|Any CPU
		{9438F1BB-E800-48C0-95CE-F158A60ABD36}.Debug|iPhoneSimulator.ActiveCfg = Debug|Any CPU
		{9438F1BB-E800-48C0-95CE-F158A60ABD36}.Debug|iPhoneSimulator.Build.0 = Debug|Any CPU
		{9438F1BB-E800-48C0-95CE-F158A60ABD36}.Debug|x64.ActiveCfg = Debug|Any CPU
		{9438F1BB-E800-48C0-95CE-F158A60ABD36}.Debug|x64.Build.0 = Debug|Any CPU
		{9438F1BB-E800-48C0-95CE-F158A60ABD36}.Debug|x86.ActiveCfg = Debug|Any CPU
		{9438F1BB-E800-48C0-95CE-F158A60ABD36}.Debug|x86.Build.0 = Debug|Any CPU
		{9438F1BB-E800-48C0-95CE-F158A60ABD36}.Release|Any CPU.ActiveCfg = Release|Any CPU
		{9438F1BB-E800-48C0-95CE-F158A60ABD36}.Release|Any CPU.Build.0 = Release|Any CPU
		{9438F1BB-E800-48C0-95CE-F158A60ABD36}.Release|iPhone.ActiveCfg = Release|Any CPU
		{9438F1BB-E800-48C0-95CE-F158A60ABD36}.Release|iPhone.Build.0 = Release|Any CPU
		{9438F1BB-E800-48C0-95CE-F158A60ABD36}.Release|iPhoneSimulator.ActiveCfg = Release|Any CPU
		{9438F1BB-E800-48C0-95CE-F158A60ABD36}.Release|iPhoneSimulator.Build.0 = Release|Any CPU
		{9438F1BB-E800-48C0-95CE-F158A60ABD36}.Release|x64.ActiveCfg = Release|Any CPU
		{9438F1BB-E800-48C0-95CE-F158A60ABD36}.Release|x64.Build.0 = Release|Any CPU
		{9438F1BB-E800-48C0-95CE-F158A60ABD36}.Release|x86.ActiveCfg = Release|Any CPU
		{9438F1BB-E800-48C0-95CE-F158A60ABD36}.Release|x86.Build.0 = Release|Any CPU
		{9438F1BB-E800-48C0-95CE-F158A60ABD36}.RelWithDebInfo|Any CPU.ActiveCfg = Release|Any CPU
		{9438F1BB-E800-48C0-95CE-F158A60ABD36}.RelWithDebInfo|Any CPU.Build.0 = Release|Any CPU
		{9438F1BB-E800-48C0-95CE-F158A60ABD36}.RelWithDebInfo|iPhone.ActiveCfg = Release|Any CPU
		{9438F1BB-E800-48C0-95CE-F158A60ABD36}.RelWithDebInfo|iPhone.Build.0 = Release|Any CPU
		{9438F1BB-E800-48C0-95CE-F158A60ABD36}.RelWithDebInfo|iPhoneSimulator.ActiveCfg = Release|Any CPU
		{9438F1BB-E800-48C0-95CE-F158A60ABD36}.RelWithDebInfo|iPhoneSimulator.Build.0 = Release|Any CPU
		{9438F1BB-E800-48C0-95CE-F158A60ABD36}.RelWithDebInfo|x64.ActiveCfg = Release|Any CPU
		{9438F1BB-E800-48C0-95CE-F158A60ABD36}.RelWithDebInfo|x64.Build.0 = Release|Any CPU
		{9438F1BB-E800-48C0-95CE-F158A60ABD36}.RelWithDebInfo|x86.ActiveCfg = Release|Any CPU
		{9438F1BB-E800-48C0-95CE-F158A60ABD36}.RelWithDebInfo|x86.Build.0 = Release|Any CPU
		{9AE80BD9-E1E2-41DA-BB6F-712B35028BD9}.Ad-Hoc|Any CPU.ActiveCfg = Release|Any CPU
		{9AE80BD9-E1E2-41DA-BB6F-712B35028BD9}.Ad-Hoc|Any CPU.Build.0 = Release|Any CPU
		{9AE80BD9-E1E2-41DA-BB6F-712B35028BD9}.Ad-Hoc|iPhone.ActiveCfg = Release|Any CPU
		{9AE80BD9-E1E2-41DA-BB6F-712B35028BD9}.Ad-Hoc|iPhone.Build.0 = Release|Any CPU
		{9AE80BD9-E1E2-41DA-BB6F-712B35028BD9}.Ad-Hoc|iPhoneSimulator.ActiveCfg = Release|Any CPU
		{9AE80BD9-E1E2-41DA-BB6F-712B35028BD9}.Ad-Hoc|iPhoneSimulator.Build.0 = Release|Any CPU
		{9AE80BD9-E1E2-41DA-BB6F-712B35028BD9}.Ad-Hoc|x64.ActiveCfg = Release|Any CPU
		{9AE80BD9-E1E2-41DA-BB6F-712B35028BD9}.Ad-Hoc|x64.Build.0 = Release|Any CPU
		{9AE80BD9-E1E2-41DA-BB6F-712B35028BD9}.Ad-Hoc|x86.ActiveCfg = Release|Any CPU
		{9AE80BD9-E1E2-41DA-BB6F-712B35028BD9}.Ad-Hoc|x86.Build.0 = Release|Any CPU
		{9AE80BD9-E1E2-41DA-BB6F-712B35028BD9}.AppStore|Any CPU.ActiveCfg = Release|Any CPU
		{9AE80BD9-E1E2-41DA-BB6F-712B35028BD9}.AppStore|Any CPU.Build.0 = Release|Any CPU
		{9AE80BD9-E1E2-41DA-BB6F-712B35028BD9}.AppStore|iPhone.ActiveCfg = Release|Any CPU
		{9AE80BD9-E1E2-41DA-BB6F-712B35028BD9}.AppStore|iPhone.Build.0 = Release|Any CPU
		{9AE80BD9-E1E2-41DA-BB6F-712B35028BD9}.AppStore|iPhoneSimulator.ActiveCfg = Release|Any CPU
		{9AE80BD9-E1E2-41DA-BB6F-712B35028BD9}.AppStore|iPhoneSimulator.Build.0 = Release|Any CPU
		{9AE80BD9-E1E2-41DA-BB6F-712B35028BD9}.AppStore|x64.ActiveCfg = Release|Any CPU
		{9AE80BD9-E1E2-41DA-BB6F-712B35028BD9}.AppStore|x64.Build.0 = Release|Any CPU
		{9AE80BD9-E1E2-41DA-BB6F-712B35028BD9}.AppStore|x86.ActiveCfg = Release|Any CPU
		{9AE80BD9-E1E2-41DA-BB6F-712B35028BD9}.AppStore|x86.Build.0 = Release|Any CPU
		{9AE80BD9-E1E2-41DA-BB6F-712B35028BD9}.Debug|Any CPU.ActiveCfg = Debug|Any CPU
		{9AE80BD9-E1E2-41DA-BB6F-712B35028BD9}.Debug|Any CPU.Build.0 = Debug|Any CPU
		{9AE80BD9-E1E2-41DA-BB6F-712B35028BD9}.Debug|iPhone.ActiveCfg = Debug|Any CPU
		{9AE80BD9-E1E2-41DA-BB6F-712B35028BD9}.Debug|iPhone.Build.0 = Debug|Any CPU
		{9AE80BD9-E1E2-41DA-BB6F-712B35028BD9}.Debug|iPhoneSimulator.ActiveCfg = Debug|Any CPU
		{9AE80BD9-E1E2-41DA-BB6F-712B35028BD9}.Debug|iPhoneSimulator.Build.0 = Debug|Any CPU
		{9AE80BD9-E1E2-41DA-BB6F-712B35028BD9}.Debug|x64.ActiveCfg = Debug|Any CPU
		{9AE80BD9-E1E2-41DA-BB6F-712B35028BD9}.Debug|x64.Build.0 = Debug|Any CPU
		{9AE80BD9-E1E2-41DA-BB6F-712B35028BD9}.Debug|x86.ActiveCfg = Debug|Any CPU
		{9AE80BD9-E1E2-41DA-BB6F-712B35028BD9}.Debug|x86.Build.0 = Debug|Any CPU
		{9AE80BD9-E1E2-41DA-BB6F-712B35028BD9}.Release|Any CPU.ActiveCfg = Release|Any CPU
		{9AE80BD9-E1E2-41DA-BB6F-712B35028BD9}.Release|Any CPU.Build.0 = Release|Any CPU
		{9AE80BD9-E1E2-41DA-BB6F-712B35028BD9}.Release|iPhone.ActiveCfg = Release|Any CPU
		{9AE80BD9-E1E2-41DA-BB6F-712B35028BD9}.Release|iPhone.Build.0 = Release|Any CPU
		{9AE80BD9-E1E2-41DA-BB6F-712B35028BD9}.Release|iPhoneSimulator.ActiveCfg = Release|Any CPU
		{9AE80BD9-E1E2-41DA-BB6F-712B35028BD9}.Release|iPhoneSimulator.Build.0 = Release|Any CPU
		{9AE80BD9-E1E2-41DA-BB6F-712B35028BD9}.Release|x64.ActiveCfg = Release|Any CPU
		{9AE80BD9-E1E2-41DA-BB6F-712B35028BD9}.Release|x64.Build.0 = Release|Any CPU
		{9AE80BD9-E1E2-41DA-BB6F-712B35028BD9}.Release|x86.ActiveCfg = Release|Any CPU
		{9AE80BD9-E1E2-41DA-BB6F-712B35028BD9}.Release|x86.Build.0 = Release|Any CPU
		{9AE80BD9-E1E2-41DA-BB6F-712B35028BD9}.RelWithDebInfo|Any CPU.ActiveCfg = Release|Any CPU
		{9AE80BD9-E1E2-41DA-BB6F-712B35028BD9}.RelWithDebInfo|Any CPU.Build.0 = Release|Any CPU
		{9AE80BD9-E1E2-41DA-BB6F-712B35028BD9}.RelWithDebInfo|iPhone.ActiveCfg = Release|Any CPU
		{9AE80BD9-E1E2-41DA-BB6F-712B35028BD9}.RelWithDebInfo|iPhone.Build.0 = Release|Any CPU
		{9AE80BD9-E1E2-41DA-BB6F-712B35028BD9}.RelWithDebInfo|iPhoneSimulator.ActiveCfg = Release|Any CPU
		{9AE80BD9-E1E2-41DA-BB6F-712B35028BD9}.RelWithDebInfo|iPhoneSimulator.Build.0 = Release|Any CPU
		{9AE80BD9-E1E2-41DA-BB6F-712B35028BD9}.RelWithDebInfo|x64.ActiveCfg = Release|Any CPU
		{9AE80BD9-E1E2-41DA-BB6F-712B35028BD9}.RelWithDebInfo|x64.Build.0 = Release|Any CPU
		{9AE80BD9-E1E2-41DA-BB6F-712B35028BD9}.RelWithDebInfo|x86.ActiveCfg = Release|Any CPU
		{9AE80BD9-E1E2-41DA-BB6F-712B35028BD9}.RelWithDebInfo|x86.Build.0 = Release|Any CPU
		{F0359D5E-D6D4-47D3-A9F0-5A97C31DC476}.Ad-Hoc|Any CPU.ActiveCfg = Release|Any CPU
		{F0359D5E-D6D4-47D3-A9F0-5A97C31DC476}.Ad-Hoc|Any CPU.Build.0 = Release|Any CPU
		{F0359D5E-D6D4-47D3-A9F0-5A97C31DC476}.Ad-Hoc|iPhone.ActiveCfg = Release|Any CPU
		{F0359D5E-D6D4-47D3-A9F0-5A97C31DC476}.Ad-Hoc|iPhone.Build.0 = Release|Any CPU
		{F0359D5E-D6D4-47D3-A9F0-5A97C31DC476}.Ad-Hoc|iPhoneSimulator.ActiveCfg = Release|Any CPU
		{F0359D5E-D6D4-47D3-A9F0-5A97C31DC476}.Ad-Hoc|iPhoneSimulator.Build.0 = Release|Any CPU
		{F0359D5E-D6D4-47D3-A9F0-5A97C31DC476}.Ad-Hoc|x64.ActiveCfg = Release|Any CPU
		{F0359D5E-D6D4-47D3-A9F0-5A97C31DC476}.Ad-Hoc|x64.Build.0 = Release|Any CPU
		{F0359D5E-D6D4-47D3-A9F0-5A97C31DC476}.Ad-Hoc|x86.ActiveCfg = Release|Any CPU
		{F0359D5E-D6D4-47D3-A9F0-5A97C31DC476}.Ad-Hoc|x86.Build.0 = Release|Any CPU
		{F0359D5E-D6D4-47D3-A9F0-5A97C31DC476}.AppStore|Any CPU.ActiveCfg = Release|Any CPU
		{F0359D5E-D6D4-47D3-A9F0-5A97C31DC476}.AppStore|Any CPU.Build.0 = Release|Any CPU
		{F0359D5E-D6D4-47D3-A9F0-5A97C31DC476}.AppStore|iPhone.ActiveCfg = Release|Any CPU
		{F0359D5E-D6D4-47D3-A9F0-5A97C31DC476}.AppStore|iPhone.Build.0 = Release|Any CPU
		{F0359D5E-D6D4-47D3-A9F0-5A97C31DC476}.AppStore|iPhoneSimulator.ActiveCfg = Release|Any CPU
		{F0359D5E-D6D4-47D3-A9F0-5A97C31DC476}.AppStore|iPhoneSimulator.Build.0 = Release|Any CPU
		{F0359D5E-D6D4-47D3-A9F0-5A97C31DC476}.AppStore|x64.ActiveCfg = Release|Any CPU
		{F0359D5E-D6D4-47D3-A9F0-5A97C31DC476}.AppStore|x64.Build.0 = Release|Any CPU
		{F0359D5E-D6D4-47D3-A9F0-5A97C31DC476}.AppStore|x86.ActiveCfg = Release|Any CPU
		{F0359D5E-D6D4-47D3-A9F0-5A97C31DC476}.AppStore|x86.Build.0 = Release|Any CPU
		{F0359D5E-D6D4-47D3-A9F0-5A97C31DC476}.Debug|Any CPU.ActiveCfg = Debug|Any CPU
		{F0359D5E-D6D4-47D3-A9F0-5A97C31DC476}.Debug|Any CPU.Build.0 = Debug|Any CPU
		{F0359D5E-D6D4-47D3-A9F0-5A97C31DC476}.Debug|iPhone.ActiveCfg = Debug|Any CPU
		{F0359D5E-D6D4-47D3-A9F0-5A97C31DC476}.Debug|iPhone.Build.0 = Debug|Any CPU
		{F0359D5E-D6D4-47D3-A9F0-5A97C31DC476}.Debug|iPhoneSimulator.ActiveCfg = Debug|Any CPU
		{F0359D5E-D6D4-47D3-A9F0-5A97C31DC476}.Debug|iPhoneSimulator.Build.0 = Debug|Any CPU
		{F0359D5E-D6D4-47D3-A9F0-5A97C31DC476}.Debug|x64.ActiveCfg = Debug|Any CPU
		{F0359D5E-D6D4-47D3-A9F0-5A97C31DC476}.Debug|x64.Build.0 = Debug|Any CPU
		{F0359D5E-D6D4-47D3-A9F0-5A97C31DC476}.Debug|x86.ActiveCfg = Debug|Any CPU
		{F0359D5E-D6D4-47D3-A9F0-5A97C31DC476}.Debug|x86.Build.0 = Debug|Any CPU
		{F0359D5E-D6D4-47D3-A9F0-5A97C31DC476}.Release|Any CPU.ActiveCfg = Release|Any CPU
		{F0359D5E-D6D4-47D3-A9F0-5A97C31DC476}.Release|Any CPU.Build.0 = Release|Any CPU
		{F0359D5E-D6D4-47D3-A9F0-5A97C31DC476}.Release|iPhone.ActiveCfg = Release|Any CPU
		{F0359D5E-D6D4-47D3-A9F0-5A97C31DC476}.Release|iPhone.Build.0 = Release|Any CPU
		{F0359D5E-D6D4-47D3-A9F0-5A97C31DC476}.Release|iPhoneSimulator.ActiveCfg = Release|Any CPU
		{F0359D5E-D6D4-47D3-A9F0-5A97C31DC476}.Release|iPhoneSimulator.Build.0 = Release|Any CPU
		{F0359D5E-D6D4-47D3-A9F0-5A97C31DC476}.Release|x64.ActiveCfg = Release|Any CPU
		{F0359D5E-D6D4-47D3-A9F0-5A97C31DC476}.Release|x64.Build.0 = Release|Any CPU
		{F0359D5E-D6D4-47D3-A9F0-5A97C31DC476}.Release|x86.ActiveCfg = Release|Any CPU
		{F0359D5E-D6D4-47D3-A9F0-5A97C31DC476}.Release|x86.Build.0 = Release|Any CPU
		{F0359D5E-D6D4-47D3-A9F0-5A97C31DC476}.RelWithDebInfo|Any CPU.ActiveCfg = Release|Any CPU
		{F0359D5E-D6D4-47D3-A9F0-5A97C31DC476}.RelWithDebInfo|Any CPU.Build.0 = Release|Any CPU
		{F0359D5E-D6D4-47D3-A9F0-5A97C31DC476}.RelWithDebInfo|iPhone.ActiveCfg = Release|Any CPU
		{F0359D5E-D6D4-47D3-A9F0-5A97C31DC476}.RelWithDebInfo|iPhone.Build.0 = Release|Any CPU
		{F0359D5E-D6D4-47D3-A9F0-5A97C31DC476}.RelWithDebInfo|iPhoneSimulator.ActiveCfg = Release|Any CPU
		{F0359D5E-D6D4-47D3-A9F0-5A97C31DC476}.RelWithDebInfo|iPhoneSimulator.Build.0 = Release|Any CPU
		{F0359D5E-D6D4-47D3-A9F0-5A97C31DC476}.RelWithDebInfo|x64.ActiveCfg = Release|Any CPU
		{F0359D5E-D6D4-47D3-A9F0-5A97C31DC476}.RelWithDebInfo|x64.Build.0 = Release|Any CPU
		{F0359D5E-D6D4-47D3-A9F0-5A97C31DC476}.RelWithDebInfo|x86.ActiveCfg = Release|Any CPU
		{F0359D5E-D6D4-47D3-A9F0-5A97C31DC476}.RelWithDebInfo|x86.Build.0 = Release|Any CPU
		{792AF649-1BB3-4242-8BA3-61F67E357B18}.Ad-Hoc|Any CPU.ActiveCfg = Release|Any CPU
		{792AF649-1BB3-4242-8BA3-61F67E357B18}.Ad-Hoc|Any CPU.Build.0 = Release|Any CPU
		{792AF649-1BB3-4242-8BA3-61F67E357B18}.Ad-Hoc|iPhone.ActiveCfg = Release|Any CPU
		{792AF649-1BB3-4242-8BA3-61F67E357B18}.Ad-Hoc|iPhone.Build.0 = Release|Any CPU
		{792AF649-1BB3-4242-8BA3-61F67E357B18}.Ad-Hoc|iPhoneSimulator.ActiveCfg = Release|Any CPU
		{792AF649-1BB3-4242-8BA3-61F67E357B18}.Ad-Hoc|iPhoneSimulator.Build.0 = Release|Any CPU
		{792AF649-1BB3-4242-8BA3-61F67E357B18}.Ad-Hoc|x64.ActiveCfg = Release|Any CPU
		{792AF649-1BB3-4242-8BA3-61F67E357B18}.Ad-Hoc|x64.Build.0 = Release|Any CPU
		{792AF649-1BB3-4242-8BA3-61F67E357B18}.Ad-Hoc|x86.ActiveCfg = Release|Any CPU
		{792AF649-1BB3-4242-8BA3-61F67E357B18}.Ad-Hoc|x86.Build.0 = Release|Any CPU
		{792AF649-1BB3-4242-8BA3-61F67E357B18}.AppStore|Any CPU.ActiveCfg = Release|Any CPU
		{792AF649-1BB3-4242-8BA3-61F67E357B18}.AppStore|Any CPU.Build.0 = Release|Any CPU
		{792AF649-1BB3-4242-8BA3-61F67E357B18}.AppStore|iPhone.ActiveCfg = Release|Any CPU
		{792AF649-1BB3-4242-8BA3-61F67E357B18}.AppStore|iPhone.Build.0 = Release|Any CPU
		{792AF649-1BB3-4242-8BA3-61F67E357B18}.AppStore|iPhoneSimulator.ActiveCfg = Release|Any CPU
		{792AF649-1BB3-4242-8BA3-61F67E357B18}.AppStore|iPhoneSimulator.Build.0 = Release|Any CPU
		{792AF649-1BB3-4242-8BA3-61F67E357B18}.AppStore|x64.ActiveCfg = Release|Any CPU
		{792AF649-1BB3-4242-8BA3-61F67E357B18}.AppStore|x64.Build.0 = Release|Any CPU
		{792AF649-1BB3-4242-8BA3-61F67E357B18}.AppStore|x86.ActiveCfg = Release|Any CPU
		{792AF649-1BB3-4242-8BA3-61F67E357B18}.AppStore|x86.Build.0 = Release|Any CPU
		{792AF649-1BB3-4242-8BA3-61F67E357B18}.Debug|Any CPU.ActiveCfg = Debug|Any CPU
		{792AF649-1BB3-4242-8BA3-61F67E357B18}.Debug|Any CPU.Build.0 = Debug|Any CPU
		{792AF649-1BB3-4242-8BA3-61F67E357B18}.Debug|iPhone.ActiveCfg = Debug|Any CPU
		{792AF649-1BB3-4242-8BA3-61F67E357B18}.Debug|iPhone.Build.0 = Debug|Any CPU
		{792AF649-1BB3-4242-8BA3-61F67E357B18}.Debug|iPhoneSimulator.ActiveCfg = Debug|Any CPU
		{792AF649-1BB3-4242-8BA3-61F67E357B18}.Debug|iPhoneSimulator.Build.0 = Debug|Any CPU
		{792AF649-1BB3-4242-8BA3-61F67E357B18}.Debug|x64.ActiveCfg = Debug|Any CPU
		{792AF649-1BB3-4242-8BA3-61F67E357B18}.Debug|x64.Build.0 = Debug|Any CPU
		{792AF649-1BB3-4242-8BA3-61F67E357B18}.Debug|x86.ActiveCfg = Debug|Any CPU
		{792AF649-1BB3-4242-8BA3-61F67E357B18}.Debug|x86.Build.0 = Debug|Any CPU
		{792AF649-1BB3-4242-8BA3-61F67E357B18}.Release|Any CPU.ActiveCfg = Release|Any CPU
		{792AF649-1BB3-4242-8BA3-61F67E357B18}.Release|Any CPU.Build.0 = Release|Any CPU
		{792AF649-1BB3-4242-8BA3-61F67E357B18}.Release|iPhone.ActiveCfg = Release|Any CPU
		{792AF649-1BB3-4242-8BA3-61F67E357B18}.Release|iPhone.Build.0 = Release|Any CPU
		{792AF649-1BB3-4242-8BA3-61F67E357B18}.Release|iPhoneSimulator.ActiveCfg = Release|Any CPU
		{792AF649-1BB3-4242-8BA3-61F67E357B18}.Release|iPhoneSimulator.Build.0 = Release|Any CPU
		{792AF649-1BB3-4242-8BA3-61F67E357B18}.Release|x64.ActiveCfg = Release|Any CPU
		{792AF649-1BB3-4242-8BA3-61F67E357B18}.Release|x64.Build.0 = Release|Any CPU
		{792AF649-1BB3-4242-8BA3-61F67E357B18}.Release|x86.ActiveCfg = Release|Any CPU
		{792AF649-1BB3-4242-8BA3-61F67E357B18}.Release|x86.Build.0 = Release|Any CPU
		{792AF649-1BB3-4242-8BA3-61F67E357B18}.RelWithDebInfo|Any CPU.ActiveCfg = Release|Any CPU
		{792AF649-1BB3-4242-8BA3-61F67E357B18}.RelWithDebInfo|Any CPU.Build.0 = Release|Any CPU
		{792AF649-1BB3-4242-8BA3-61F67E357B18}.RelWithDebInfo|iPhone.ActiveCfg = Release|Any CPU
		{792AF649-1BB3-4242-8BA3-61F67E357B18}.RelWithDebInfo|iPhone.Build.0 = Release|Any CPU
		{792AF649-1BB3-4242-8BA3-61F67E357B18}.RelWithDebInfo|iPhoneSimulator.ActiveCfg = Release|Any CPU
		{792AF649-1BB3-4242-8BA3-61F67E357B18}.RelWithDebInfo|iPhoneSimulator.Build.0 = Release|Any CPU
		{792AF649-1BB3-4242-8BA3-61F67E357B18}.RelWithDebInfo|x64.ActiveCfg = Release|Any CPU
		{792AF649-1BB3-4242-8BA3-61F67E357B18}.RelWithDebInfo|x64.Build.0 = Release|Any CPU
		{792AF649-1BB3-4242-8BA3-61F67E357B18}.RelWithDebInfo|x86.ActiveCfg = Release|Any CPU
		{792AF649-1BB3-4242-8BA3-61F67E357B18}.RelWithDebInfo|x86.Build.0 = Release|Any CPU
		{9599B6A8-09DA-455C-9391-319A1FCDC5B6}.Ad-Hoc|Any CPU.ActiveCfg = Release|Any CPU
		{9599B6A8-09DA-455C-9391-319A1FCDC5B6}.Ad-Hoc|Any CPU.Build.0 = Release|Any CPU
		{9599B6A8-09DA-455C-9391-319A1FCDC5B6}.Ad-Hoc|Any CPU.Deploy.0 = Release|Any CPU
		{9599B6A8-09DA-455C-9391-319A1FCDC5B6}.Ad-Hoc|iPhone.ActiveCfg = Release|Any CPU
		{9599B6A8-09DA-455C-9391-319A1FCDC5B6}.Ad-Hoc|iPhone.Build.0 = Release|Any CPU
		{9599B6A8-09DA-455C-9391-319A1FCDC5B6}.Ad-Hoc|iPhone.Deploy.0 = Release|Any CPU
		{9599B6A8-09DA-455C-9391-319A1FCDC5B6}.Ad-Hoc|iPhoneSimulator.ActiveCfg = Release|Any CPU
		{9599B6A8-09DA-455C-9391-319A1FCDC5B6}.Ad-Hoc|iPhoneSimulator.Build.0 = Release|Any CPU
		{9599B6A8-09DA-455C-9391-319A1FCDC5B6}.Ad-Hoc|iPhoneSimulator.Deploy.0 = Release|Any CPU
		{9599B6A8-09DA-455C-9391-319A1FCDC5B6}.Ad-Hoc|x64.ActiveCfg = Release|Any CPU
		{9599B6A8-09DA-455C-9391-319A1FCDC5B6}.Ad-Hoc|x64.Build.0 = Release|Any CPU
		{9599B6A8-09DA-455C-9391-319A1FCDC5B6}.Ad-Hoc|x64.Deploy.0 = Release|Any CPU
		{9599B6A8-09DA-455C-9391-319A1FCDC5B6}.Ad-Hoc|x86.ActiveCfg = Release|Any CPU
		{9599B6A8-09DA-455C-9391-319A1FCDC5B6}.Ad-Hoc|x86.Build.0 = Release|Any CPU
		{9599B6A8-09DA-455C-9391-319A1FCDC5B6}.Ad-Hoc|x86.Deploy.0 = Release|Any CPU
		{9599B6A8-09DA-455C-9391-319A1FCDC5B6}.AppStore|Any CPU.ActiveCfg = Release|Any CPU
		{9599B6A8-09DA-455C-9391-319A1FCDC5B6}.AppStore|Any CPU.Build.0 = Release|Any CPU
		{9599B6A8-09DA-455C-9391-319A1FCDC5B6}.AppStore|Any CPU.Deploy.0 = Release|Any CPU
		{9599B6A8-09DA-455C-9391-319A1FCDC5B6}.AppStore|iPhone.ActiveCfg = Release|Any CPU
		{9599B6A8-09DA-455C-9391-319A1FCDC5B6}.AppStore|iPhone.Build.0 = Release|Any CPU
		{9599B6A8-09DA-455C-9391-319A1FCDC5B6}.AppStore|iPhone.Deploy.0 = Release|Any CPU
		{9599B6A8-09DA-455C-9391-319A1FCDC5B6}.AppStore|iPhoneSimulator.ActiveCfg = Release|Any CPU
		{9599B6A8-09DA-455C-9391-319A1FCDC5B6}.AppStore|iPhoneSimulator.Build.0 = Release|Any CPU
		{9599B6A8-09DA-455C-9391-319A1FCDC5B6}.AppStore|iPhoneSimulator.Deploy.0 = Release|Any CPU
		{9599B6A8-09DA-455C-9391-319A1FCDC5B6}.AppStore|x64.ActiveCfg = Release|Any CPU
		{9599B6A8-09DA-455C-9391-319A1FCDC5B6}.AppStore|x64.Build.0 = Release|Any CPU
		{9599B6A8-09DA-455C-9391-319A1FCDC5B6}.AppStore|x64.Deploy.0 = Release|Any CPU
		{9599B6A8-09DA-455C-9391-319A1FCDC5B6}.AppStore|x86.ActiveCfg = Release|Any CPU
		{9599B6A8-09DA-455C-9391-319A1FCDC5B6}.AppStore|x86.Build.0 = Release|Any CPU
		{9599B6A8-09DA-455C-9391-319A1FCDC5B6}.AppStore|x86.Deploy.0 = Release|Any CPU
		{9599B6A8-09DA-455C-9391-319A1FCDC5B6}.Debug|Any CPU.ActiveCfg = Debug|Any CPU
		{9599B6A8-09DA-455C-9391-319A1FCDC5B6}.Debug|Any CPU.Build.0 = Debug|Any CPU
		{9599B6A8-09DA-455C-9391-319A1FCDC5B6}.Debug|Any CPU.Deploy.0 = Debug|Any CPU
		{9599B6A8-09DA-455C-9391-319A1FCDC5B6}.Debug|iPhone.ActiveCfg = Debug|Any CPU
		{9599B6A8-09DA-455C-9391-319A1FCDC5B6}.Debug|iPhone.Build.0 = Debug|Any CPU
		{9599B6A8-09DA-455C-9391-319A1FCDC5B6}.Debug|iPhone.Deploy.0 = Debug|Any CPU
		{9599B6A8-09DA-455C-9391-319A1FCDC5B6}.Debug|iPhoneSimulator.ActiveCfg = Debug|Any CPU
		{9599B6A8-09DA-455C-9391-319A1FCDC5B6}.Debug|iPhoneSimulator.Build.0 = Debug|Any CPU
		{9599B6A8-09DA-455C-9391-319A1FCDC5B6}.Debug|iPhoneSimulator.Deploy.0 = Debug|Any CPU
		{9599B6A8-09DA-455C-9391-319A1FCDC5B6}.Debug|x64.ActiveCfg = Debug|Any CPU
		{9599B6A8-09DA-455C-9391-319A1FCDC5B6}.Debug|x64.Build.0 = Debug|Any CPU
		{9599B6A8-09DA-455C-9391-319A1FCDC5B6}.Debug|x64.Deploy.0 = Debug|Any CPU
		{9599B6A8-09DA-455C-9391-319A1FCDC5B6}.Debug|x86.ActiveCfg = Debug|Any CPU
		{9599B6A8-09DA-455C-9391-319A1FCDC5B6}.Debug|x86.Build.0 = Debug|Any CPU
		{9599B6A8-09DA-455C-9391-319A1FCDC5B6}.Debug|x86.Deploy.0 = Debug|Any CPU
		{9599B6A8-09DA-455C-9391-319A1FCDC5B6}.Release|Any CPU.ActiveCfg = Release|Any CPU
		{9599B6A8-09DA-455C-9391-319A1FCDC5B6}.Release|Any CPU.Build.0 = Release|Any CPU
		{9599B6A8-09DA-455C-9391-319A1FCDC5B6}.Release|Any CPU.Deploy.0 = Release|Any CPU
		{9599B6A8-09DA-455C-9391-319A1FCDC5B6}.Release|iPhone.ActiveCfg = Release|Any CPU
		{9599B6A8-09DA-455C-9391-319A1FCDC5B6}.Release|iPhone.Build.0 = Release|Any CPU
		{9599B6A8-09DA-455C-9391-319A1FCDC5B6}.Release|iPhone.Deploy.0 = Release|Any CPU
		{9599B6A8-09DA-455C-9391-319A1FCDC5B6}.Release|iPhoneSimulator.ActiveCfg = Release|Any CPU
		{9599B6A8-09DA-455C-9391-319A1FCDC5B6}.Release|iPhoneSimulator.Build.0 = Release|Any CPU
		{9599B6A8-09DA-455C-9391-319A1FCDC5B6}.Release|iPhoneSimulator.Deploy.0 = Release|Any CPU
		{9599B6A8-09DA-455C-9391-319A1FCDC5B6}.Release|x64.ActiveCfg = Release|Any CPU
		{9599B6A8-09DA-455C-9391-319A1FCDC5B6}.Release|x64.Build.0 = Release|Any CPU
		{9599B6A8-09DA-455C-9391-319A1FCDC5B6}.Release|x64.Deploy.0 = Release|Any CPU
		{9599B6A8-09DA-455C-9391-319A1FCDC5B6}.Release|x86.ActiveCfg = Release|Any CPU
		{9599B6A8-09DA-455C-9391-319A1FCDC5B6}.Release|x86.Build.0 = Release|Any CPU
		{9599B6A8-09DA-455C-9391-319A1FCDC5B6}.Release|x86.Deploy.0 = Release|Any CPU
		{9599B6A8-09DA-455C-9391-319A1FCDC5B6}.RelWithDebInfo|Any CPU.ActiveCfg = Release|Any CPU
		{9599B6A8-09DA-455C-9391-319A1FCDC5B6}.RelWithDebInfo|Any CPU.Build.0 = Release|Any CPU
		{9599B6A8-09DA-455C-9391-319A1FCDC5B6}.RelWithDebInfo|Any CPU.Deploy.0 = Release|Any CPU
		{9599B6A8-09DA-455C-9391-319A1FCDC5B6}.RelWithDebInfo|iPhone.ActiveCfg = Release|Any CPU
		{9599B6A8-09DA-455C-9391-319A1FCDC5B6}.RelWithDebInfo|iPhone.Build.0 = Release|Any CPU
		{9599B6A8-09DA-455C-9391-319A1FCDC5B6}.RelWithDebInfo|iPhone.Deploy.0 = Release|Any CPU
		{9599B6A8-09DA-455C-9391-319A1FCDC5B6}.RelWithDebInfo|iPhoneSimulator.ActiveCfg = Release|Any CPU
		{9599B6A8-09DA-455C-9391-319A1FCDC5B6}.RelWithDebInfo|iPhoneSimulator.Build.0 = Release|Any CPU
		{9599B6A8-09DA-455C-9391-319A1FCDC5B6}.RelWithDebInfo|iPhoneSimulator.Deploy.0 = Release|Any CPU
		{9599B6A8-09DA-455C-9391-319A1FCDC5B6}.RelWithDebInfo|x64.ActiveCfg = Release|Any CPU
		{9599B6A8-09DA-455C-9391-319A1FCDC5B6}.RelWithDebInfo|x64.Build.0 = Release|Any CPU
		{9599B6A8-09DA-455C-9391-319A1FCDC5B6}.RelWithDebInfo|x64.Deploy.0 = Release|Any CPU
		{9599B6A8-09DA-455C-9391-319A1FCDC5B6}.RelWithDebInfo|x86.ActiveCfg = Release|Any CPU
		{9599B6A8-09DA-455C-9391-319A1FCDC5B6}.RelWithDebInfo|x86.Build.0 = Release|Any CPU
		{9599B6A8-09DA-455C-9391-319A1FCDC5B6}.RelWithDebInfo|x86.Deploy.0 = Release|Any CPU
		{C9D62FA9-7107-466F-BD0D-B0AAA69D975B}.Ad-Hoc|Any CPU.ActiveCfg = Release|Any CPU
		{C9D62FA9-7107-466F-BD0D-B0AAA69D975B}.Ad-Hoc|Any CPU.Build.0 = Release|Any CPU
		{C9D62FA9-7107-466F-BD0D-B0AAA69D975B}.Ad-Hoc|iPhone.ActiveCfg = Release|Any CPU
		{C9D62FA9-7107-466F-BD0D-B0AAA69D975B}.Ad-Hoc|iPhone.Build.0 = Release|Any CPU
		{C9D62FA9-7107-466F-BD0D-B0AAA69D975B}.Ad-Hoc|iPhoneSimulator.ActiveCfg = Release|Any CPU
		{C9D62FA9-7107-466F-BD0D-B0AAA69D975B}.Ad-Hoc|iPhoneSimulator.Build.0 = Release|Any CPU
		{C9D62FA9-7107-466F-BD0D-B0AAA69D975B}.Ad-Hoc|x64.ActiveCfg = Release|Any CPU
		{C9D62FA9-7107-466F-BD0D-B0AAA69D975B}.Ad-Hoc|x64.Build.0 = Release|Any CPU
		{C9D62FA9-7107-466F-BD0D-B0AAA69D975B}.Ad-Hoc|x86.ActiveCfg = Release|Any CPU
		{C9D62FA9-7107-466F-BD0D-B0AAA69D975B}.Ad-Hoc|x86.Build.0 = Release|Any CPU
		{C9D62FA9-7107-466F-BD0D-B0AAA69D975B}.AppStore|Any CPU.ActiveCfg = Release|Any CPU
		{C9D62FA9-7107-466F-BD0D-B0AAA69D975B}.AppStore|Any CPU.Build.0 = Release|Any CPU
		{C9D62FA9-7107-466F-BD0D-B0AAA69D975B}.AppStore|iPhone.ActiveCfg = Release|Any CPU
		{C9D62FA9-7107-466F-BD0D-B0AAA69D975B}.AppStore|iPhone.Build.0 = Release|Any CPU
		{C9D62FA9-7107-466F-BD0D-B0AAA69D975B}.AppStore|iPhoneSimulator.ActiveCfg = Release|Any CPU
		{C9D62FA9-7107-466F-BD0D-B0AAA69D975B}.AppStore|iPhoneSimulator.Build.0 = Release|Any CPU
		{C9D62FA9-7107-466F-BD0D-B0AAA69D975B}.AppStore|x64.ActiveCfg = Release|Any CPU
		{C9D62FA9-7107-466F-BD0D-B0AAA69D975B}.AppStore|x64.Build.0 = Release|Any CPU
		{C9D62FA9-7107-466F-BD0D-B0AAA69D975B}.AppStore|x86.ActiveCfg = Release|Any CPU
		{C9D62FA9-7107-466F-BD0D-B0AAA69D975B}.AppStore|x86.Build.0 = Release|Any CPU
		{C9D62FA9-7107-466F-BD0D-B0AAA69D975B}.Debug|Any CPU.ActiveCfg = Debug|Any CPU
		{C9D62FA9-7107-466F-BD0D-B0AAA69D975B}.Debug|Any CPU.Build.0 = Debug|Any CPU
		{C9D62FA9-7107-466F-BD0D-B0AAA69D975B}.Debug|iPhone.ActiveCfg = Debug|Any CPU
		{C9D62FA9-7107-466F-BD0D-B0AAA69D975B}.Debug|iPhone.Build.0 = Debug|Any CPU
		{C9D62FA9-7107-466F-BD0D-B0AAA69D975B}.Debug|iPhoneSimulator.ActiveCfg = Debug|Any CPU
		{C9D62FA9-7107-466F-BD0D-B0AAA69D975B}.Debug|iPhoneSimulator.Build.0 = Debug|Any CPU
		{C9D62FA9-7107-466F-BD0D-B0AAA69D975B}.Debug|x64.ActiveCfg = Debug|Any CPU
		{C9D62FA9-7107-466F-BD0D-B0AAA69D975B}.Debug|x64.Build.0 = Debug|Any CPU
		{C9D62FA9-7107-466F-BD0D-B0AAA69D975B}.Debug|x86.ActiveCfg = Debug|Any CPU
		{C9D62FA9-7107-466F-BD0D-B0AAA69D975B}.Debug|x86.Build.0 = Debug|Any CPU
		{C9D62FA9-7107-466F-BD0D-B0AAA69D975B}.Release|Any CPU.ActiveCfg = Release|Any CPU
		{C9D62FA9-7107-466F-BD0D-B0AAA69D975B}.Release|Any CPU.Build.0 = Release|Any CPU
		{C9D62FA9-7107-466F-BD0D-B0AAA69D975B}.Release|iPhone.ActiveCfg = Release|Any CPU
		{C9D62FA9-7107-466F-BD0D-B0AAA69D975B}.Release|iPhone.Build.0 = Release|Any CPU
		{C9D62FA9-7107-466F-BD0D-B0AAA69D975B}.Release|iPhoneSimulator.ActiveCfg = Release|Any CPU
		{C9D62FA9-7107-466F-BD0D-B0AAA69D975B}.Release|iPhoneSimulator.Build.0 = Release|Any CPU
		{C9D62FA9-7107-466F-BD0D-B0AAA69D975B}.Release|x64.ActiveCfg = Release|Any CPU
		{C9D62FA9-7107-466F-BD0D-B0AAA69D975B}.Release|x64.Build.0 = Release|Any CPU
		{C9D62FA9-7107-466F-BD0D-B0AAA69D975B}.Release|x86.ActiveCfg = Release|Any CPU
		{C9D62FA9-7107-466F-BD0D-B0AAA69D975B}.Release|x86.Build.0 = Release|Any CPU
		{C9D62FA9-7107-466F-BD0D-B0AAA69D975B}.RelWithDebInfo|Any CPU.ActiveCfg = Release|Any CPU
		{C9D62FA9-7107-466F-BD0D-B0AAA69D975B}.RelWithDebInfo|Any CPU.Build.0 = Release|Any CPU
		{C9D62FA9-7107-466F-BD0D-B0AAA69D975B}.RelWithDebInfo|iPhone.ActiveCfg = Release|Any CPU
		{C9D62FA9-7107-466F-BD0D-B0AAA69D975B}.RelWithDebInfo|iPhone.Build.0 = Release|Any CPU
		{C9D62FA9-7107-466F-BD0D-B0AAA69D975B}.RelWithDebInfo|iPhoneSimulator.ActiveCfg = Release|Any CPU
		{C9D62FA9-7107-466F-BD0D-B0AAA69D975B}.RelWithDebInfo|iPhoneSimulator.Build.0 = Release|Any CPU
		{C9D62FA9-7107-466F-BD0D-B0AAA69D975B}.RelWithDebInfo|x64.ActiveCfg = Release|Any CPU
		{C9D62FA9-7107-466F-BD0D-B0AAA69D975B}.RelWithDebInfo|x64.Build.0 = Release|Any CPU
		{C9D62FA9-7107-466F-BD0D-B0AAA69D975B}.RelWithDebInfo|x86.ActiveCfg = Release|Any CPU
		{C9D62FA9-7107-466F-BD0D-B0AAA69D975B}.RelWithDebInfo|x86.Build.0 = Release|Any CPU
		{4190D8C8-C168-4B6C-B76C-0F4F63E7D5CF}.Ad-Hoc|Any CPU.ActiveCfg = Ad-Hoc|iPhone
		{4190D8C8-C168-4B6C-B76C-0F4F63E7D5CF}.Ad-Hoc|iPhone.ActiveCfg = Ad-Hoc|iPhone
		{4190D8C8-C168-4B6C-B76C-0F4F63E7D5CF}.Ad-Hoc|iPhone.Build.0 = Ad-Hoc|iPhone
		{4190D8C8-C168-4B6C-B76C-0F4F63E7D5CF}.Ad-Hoc|iPhoneSimulator.ActiveCfg = Ad-Hoc|iPhoneSimulator
		{4190D8C8-C168-4B6C-B76C-0F4F63E7D5CF}.Ad-Hoc|iPhoneSimulator.Build.0 = Ad-Hoc|iPhoneSimulator
		{4190D8C8-C168-4B6C-B76C-0F4F63E7D5CF}.Ad-Hoc|x64.ActiveCfg = Ad-Hoc|iPhone
		{4190D8C8-C168-4B6C-B76C-0F4F63E7D5CF}.Ad-Hoc|x86.ActiveCfg = Ad-Hoc|iPhone
		{4190D8C8-C168-4B6C-B76C-0F4F63E7D5CF}.AppStore|Any CPU.ActiveCfg = AppStore|iPhone
		{4190D8C8-C168-4B6C-B76C-0F4F63E7D5CF}.AppStore|iPhone.ActiveCfg = AppStore|iPhone
		{4190D8C8-C168-4B6C-B76C-0F4F63E7D5CF}.AppStore|iPhone.Build.0 = AppStore|iPhone
		{4190D8C8-C168-4B6C-B76C-0F4F63E7D5CF}.AppStore|iPhoneSimulator.ActiveCfg = AppStore|iPhoneSimulator
		{4190D8C8-C168-4B6C-B76C-0F4F63E7D5CF}.AppStore|iPhoneSimulator.Build.0 = AppStore|iPhoneSimulator
		{4190D8C8-C168-4B6C-B76C-0F4F63E7D5CF}.AppStore|x64.ActiveCfg = AppStore|iPhone
		{4190D8C8-C168-4B6C-B76C-0F4F63E7D5CF}.AppStore|x86.ActiveCfg = AppStore|iPhone
		{4190D8C8-C168-4B6C-B76C-0F4F63E7D5CF}.Debug|Any CPU.ActiveCfg = Debug|iPhone
		{4190D8C8-C168-4B6C-B76C-0F4F63E7D5CF}.Debug|iPhone.ActiveCfg = Debug|iPhone
		{4190D8C8-C168-4B6C-B76C-0F4F63E7D5CF}.Debug|iPhone.Build.0 = Debug|iPhone
		{4190D8C8-C168-4B6C-B76C-0F4F63E7D5CF}.Debug|iPhoneSimulator.ActiveCfg = Debug|iPhoneSimulator
		{4190D8C8-C168-4B6C-B76C-0F4F63E7D5CF}.Debug|iPhoneSimulator.Build.0 = Debug|iPhoneSimulator
		{4190D8C8-C168-4B6C-B76C-0F4F63E7D5CF}.Debug|x64.ActiveCfg = Debug|iPhone
		{4190D8C8-C168-4B6C-B76C-0F4F63E7D5CF}.Debug|x86.ActiveCfg = Debug|iPhone
		{4190D8C8-C168-4B6C-B76C-0F4F63E7D5CF}.Release|Any CPU.ActiveCfg = Release|iPhone
		{4190D8C8-C168-4B6C-B76C-0F4F63E7D5CF}.Release|iPhone.ActiveCfg = Release|iPhone
		{4190D8C8-C168-4B6C-B76C-0F4F63E7D5CF}.Release|iPhone.Build.0 = Release|iPhone
		{4190D8C8-C168-4B6C-B76C-0F4F63E7D5CF}.Release|iPhoneSimulator.ActiveCfg = Release|iPhoneSimulator
		{4190D8C8-C168-4B6C-B76C-0F4F63E7D5CF}.Release|iPhoneSimulator.Build.0 = Release|iPhoneSimulator
		{4190D8C8-C168-4B6C-B76C-0F4F63E7D5CF}.Release|x64.ActiveCfg = Release|iPhone
		{4190D8C8-C168-4B6C-B76C-0F4F63E7D5CF}.Release|x86.ActiveCfg = Release|iPhone
		{4190D8C8-C168-4B6C-B76C-0F4F63E7D5CF}.RelWithDebInfo|Any CPU.ActiveCfg = AppStore|iPhone
		{4190D8C8-C168-4B6C-B76C-0F4F63E7D5CF}.RelWithDebInfo|Any CPU.Build.0 = AppStore|iPhone
		{4190D8C8-C168-4B6C-B76C-0F4F63E7D5CF}.RelWithDebInfo|iPhone.ActiveCfg = Release|iPhone
		{4190D8C8-C168-4B6C-B76C-0F4F63E7D5CF}.RelWithDebInfo|iPhone.Build.0 = Release|iPhone
		{4190D8C8-C168-4B6C-B76C-0F4F63E7D5CF}.RelWithDebInfo|iPhoneSimulator.ActiveCfg = Release|iPhoneSimulator
		{4190D8C8-C168-4B6C-B76C-0F4F63E7D5CF}.RelWithDebInfo|iPhoneSimulator.Build.0 = Release|iPhoneSimulator
		{4190D8C8-C168-4B6C-B76C-0F4F63E7D5CF}.RelWithDebInfo|x64.ActiveCfg = AppStore|iPhone
		{4190D8C8-C168-4B6C-B76C-0F4F63E7D5CF}.RelWithDebInfo|x64.Build.0 = AppStore|iPhone
		{4190D8C8-C168-4B6C-B76C-0F4F63E7D5CF}.RelWithDebInfo|x86.ActiveCfg = AppStore|iPhone
		{4190D8C8-C168-4B6C-B76C-0F4F63E7D5CF}.RelWithDebInfo|x86.Build.0 = AppStore|iPhone
	EndGlobalSection
	GlobalSection(SolutionProperties) = preSolution
		HideSolutionNode = FALSE
	EndGlobalSection
	GlobalSection(NestedProjects) = preSolution
		{792AF649-1BB3-4242-8BA3-61F67E357B18} = {207BA5C8-8E07-4B99-BC08-5564F529698A}
		{9599B6A8-09DA-455C-9391-319A1FCDC5B6} = {207BA5C8-8E07-4B99-BC08-5564F529698A}
		{C9D62FA9-7107-466F-BD0D-B0AAA69D975B} = {207BA5C8-8E07-4B99-BC08-5564F529698A}
		{4190D8C8-C168-4B6C-B76C-0F4F63E7D5CF} = {207BA5C8-8E07-4B99-BC08-5564F529698A}
	EndGlobalSection
EndGlobal
