
Microsoft Visual Studio Solution File, Format Version 12.00
# Visual Studio 14
VisualStudioVersion = 14.0.24720.0
MinimumVisualStudioVersion = 10.0.40219.1
Project("{FAE04EC0-301F-11D3-BF4B-00C04F79EFBC}") = "Urho", "bindings\Urho.csproj", "{641886DB-2C6C-4D33-88DA-97BEC0EC5F86}"
EndProject
Project("{8BC9CEB8-8B4A-11D0-8D11-00A0C91BC942}") = "UrhoSharp.Windows", "Urho3D\Urho3D_Windows\MonoUrho.Windows\MonoUrho.Windows.vcxproj", "{6F1CB939-16E1-4753-91B1-A0B5C04D3121}"
EndProject
Project("{2150E333-8FDC-42A3-9474-1A3956D46DE8}") = "Misc", "Misc", "{ED29FA71-95CA-4E72-92F8-813A25C81218}"
	ProjectSection(SolutionItems) = preProject
		MakeAndroid = MakeAndroid
		Makefile = Makefile
		MakeiOS = MakeiOS
		MakeMac = MakeMac
		Urho.nuspec = Urho.nuspec
		Nuget\Android\UrhoSharp.targets = Nuget\Android\UrhoSharp.targets
		Nuget\Desktop\UrhoSharp.targets = Nuget\Desktop\UrhoSharp.targets
		Nuget\iOS\UrhoSharp.targets = Nuget\iOS\UrhoSharp.targets
		Nuget\Android\UrhoSharpReadme.txt = Nuget\Android\UrhoSharpReadme.txt
		Nuget\Desktop\UrhoSharpReadme.txt = Nuget\Desktop\UrhoSharpReadme.txt
		Nuget\iOS\UrhoSharpReadme.txt = Nuget\iOS\UrhoSharpReadme.txt
	EndProjectSection
EndProject
Project("{2150E333-8FDC-42A3-9474-1A3956D46DE8}") = "FeatureSamples", "FeatureSamples", "{207BA5C8-8E07-4B99-BC08-5564F529698A}"
EndProject
Project("{FAE04EC0-301F-11D3-BF4B-00C04F79EFBC}") = "Urho.Samples", "Samples\FeatureSamples\Core\Urho.Samples.csproj", "{792AF649-1BB3-4242-8BA3-61F67E357B18}"
EndProject
Project("{FAE04EC0-301F-11D3-BF4B-00C04F79EFBC}") = "Urho.Samples.Droid", "Samples\FeatureSamples\Android\Urho.Samples.Droid.csproj", "{9599B6A8-09DA-455C-9391-319A1FCDC5B6}"
EndProject
Project("{FAE04EC0-301F-11D3-BF4B-00C04F79EFBC}") = "Urho.Samples.iOS", "Samples\FeatureSamples\iOS\Urho.Samples.iOS.csproj", "{4190D8C8-C168-4B6C-B76C-0F4F63E7D5CF}"
EndProject
Project("{2150E333-8FDC-42A3-9474-1A3956D46DE8}") = "Native", "Native", "{02DFD71E-AC0B-4D8A-9038-CD4EE9ED7209}"
EndProject
Project("{FAE04EC0-301F-11D3-BF4B-00C04F79EFBC}") = "Urho.Samples.WinForms", "Samples\FeatureSamples\WinForms\Urho.Samples.WinForms.csproj", "{DDE9D8D7-503E-483E-BD58-0284A63779DC}"
EndProject
Project("{FAE04EC0-301F-11D3-BF4B-00C04F79EFBC}") = "Urho.Samples.WPF", "Samples\FeatureSamples\WPF\Urho.Samples.WPF.csproj", "{AE735CB7-9711-4AC1-8527-AB1C6BE63262}"
EndProject
Project("{FAE04EC0-301F-11D3-BF4B-00C04F79EFBC}") = "Urho.Samples.Mac", "Samples\FeatureSamples\Mac\Urho.Samples.Mac.csproj", "{C9D62FA9-7107-466F-BD0D-B0AAA69D975B}"
EndProject
Project("{FAE04EC0-301F-11D3-BF4B-00C04F79EFBC}") = "Urho.iOS", "bindings\Urho.iOS.csproj", "{048373C2-B60A-4F61-B095-287C57437EFB}"
EndProject
Project("{FAE04EC0-301F-11D3-BF4B-00C04F79EFBC}") = "Urho.Droid", "bindings\Urho.Droid.csproj", "{F0C1189B-75F7-4BD8-B394-A23D5B03EFF6}"
EndProject
Project("{FAE04EC0-301F-11D3-BF4B-00C04F79EFBC}") = "Urho.Desktop", "bindings\Urho.Desktop.csproj", "{F0359D5E-D6D4-47D3-A9F0-5A97C31DC476}"
EndProject
Project("{FAE04EC0-301F-11D3-BF4B-00C04F79EFBC}") = "Urho.Forms", "bindings\Urho.Forms.csproj", "{D599C47F-B9E0-4A58-82E8-6286E0442E8F}"
EndProject
Project("{FAE04EC0-301F-11D3-BF4B-00C04F79EFBC}") = "Urho.Forms.Droid", "bindings\Urho.Forms.Droid.csproj", "{8BAE491B-46F0-4A51-A456-D7A3B332BDC4}"
EndProject
Project("{FAE04EC0-301F-11D3-BF4B-00C04F79EFBC}") = "Urho.Forms.iOS", "bindings\Urho.Forms.iOS.csproj", "{8F3352BA-BF6A-49F8-81D6-58D54B3EA72B}"
EndProject
Global
	GlobalSection(SolutionConfigurationPlatforms) = preSolution
		Debug|Any CPU = Debug|Any CPU
		Debug|iPhone = Debug|iPhone
		Debug|iPhoneSimulator = Debug|iPhoneSimulator
		Debug|x64 = Debug|x64
		Debug|x86 = Debug|x86
		Package|Any CPU = Package|Any CPU
		Package|iPhone = Package|iPhone
		Package|iPhoneSimulator = Package|iPhoneSimulator
		Package|x64 = Package|x64
		Package|x86 = Package|x86
		Release|Any CPU = Release|Any CPU
		Release|iPhone = Release|iPhone
		Release|iPhoneSimulator = Release|iPhoneSimulator
		Release|x64 = Release|x64
		Release|x86 = Release|x86
	EndGlobalSection
	GlobalSection(ProjectConfigurationPlatforms) = postSolution
		{641886DB-2C6C-4D33-88DA-97BEC0EC5F86}.Debug|Any CPU.ActiveCfg = Debug|Any CPU
		{641886DB-2C6C-4D33-88DA-97BEC0EC5F86}.Debug|Any CPU.Build.0 = Debug|Any CPU
		{641886DB-2C6C-4D33-88DA-97BEC0EC5F86}.Debug|iPhone.ActiveCfg = Debug|Any CPU
		{641886DB-2C6C-4D33-88DA-97BEC0EC5F86}.Debug|iPhone.Build.0 = Debug|Any CPU
		{641886DB-2C6C-4D33-88DA-97BEC0EC5F86}.Debug|iPhoneSimulator.ActiveCfg = Debug|Any CPU
		{641886DB-2C6C-4D33-88DA-97BEC0EC5F86}.Debug|iPhoneSimulator.Build.0 = Debug|Any CPU
		{641886DB-2C6C-4D33-88DA-97BEC0EC5F86}.Debug|x64.ActiveCfg = Debug|Any CPU
		{641886DB-2C6C-4D33-88DA-97BEC0EC5F86}.Debug|x64.Build.0 = Debug|Any CPU
		{641886DB-2C6C-4D33-88DA-97BEC0EC5F86}.Debug|x86.ActiveCfg = Debug|Any CPU
		{641886DB-2C6C-4D33-88DA-97BEC0EC5F86}.Debug|x86.Build.0 = Debug|Any CPU
		{641886DB-2C6C-4D33-88DA-97BEC0EC5F86}.Package|Any CPU.ActiveCfg = Release|Any CPU
		{641886DB-2C6C-4D33-88DA-97BEC0EC5F86}.Package|Any CPU.Build.0 = Release|Any CPU
		{641886DB-2C6C-4D33-88DA-97BEC0EC5F86}.Package|iPhone.ActiveCfg = Release|Any CPU
		{641886DB-2C6C-4D33-88DA-97BEC0EC5F86}.Package|iPhone.Build.0 = Release|Any CPU
		{641886DB-2C6C-4D33-88DA-97BEC0EC5F86}.Package|iPhoneSimulator.ActiveCfg = Release|Any CPU
		{641886DB-2C6C-4D33-88DA-97BEC0EC5F86}.Package|iPhoneSimulator.Build.0 = Release|Any CPU
		{641886DB-2C6C-4D33-88DA-97BEC0EC5F86}.Package|x64.ActiveCfg = Release|Any CPU
		{641886DB-2C6C-4D33-88DA-97BEC0EC5F86}.Package|x64.Build.0 = Release|Any CPU
		{641886DB-2C6C-4D33-88DA-97BEC0EC5F86}.Package|x86.ActiveCfg = Release|Any CPU
		{641886DB-2C6C-4D33-88DA-97BEC0EC5F86}.Package|x86.Build.0 = Release|Any CPU
		{641886DB-2C6C-4D33-88DA-97BEC0EC5F86}.Release|Any CPU.ActiveCfg = Release|Any CPU
		{641886DB-2C6C-4D33-88DA-97BEC0EC5F86}.Release|Any CPU.Build.0 = Release|Any CPU
		{641886DB-2C6C-4D33-88DA-97BEC0EC5F86}.Release|iPhone.ActiveCfg = Release|Any CPU
		{641886DB-2C6C-4D33-88DA-97BEC0EC5F86}.Release|iPhone.Build.0 = Release|Any CPU
		{641886DB-2C6C-4D33-88DA-97BEC0EC5F86}.Release|iPhoneSimulator.ActiveCfg = Release|Any CPU
		{641886DB-2C6C-4D33-88DA-97BEC0EC5F86}.Release|iPhoneSimulator.Build.0 = Release|Any CPU
		{641886DB-2C6C-4D33-88DA-97BEC0EC5F86}.Release|x64.ActiveCfg = Release|Any CPU
		{641886DB-2C6C-4D33-88DA-97BEC0EC5F86}.Release|x64.Build.0 = Release|Any CPU
		{641886DB-2C6C-4D33-88DA-97BEC0EC5F86}.Release|x86.ActiveCfg = Release|Any CPU
		{641886DB-2C6C-4D33-88DA-97BEC0EC5F86}.Release|x86.Build.0 = Release|Any CPU
		{6F1CB939-16E1-4753-91B1-A0B5C04D3121}.Debug|Any CPU.ActiveCfg = Release|x64
		{6F1CB939-16E1-4753-91B1-A0B5C04D3121}.Debug|Any CPU.Build.0 = Release|x64
		{6F1CB939-16E1-4753-91B1-A0B5C04D3121}.Debug|Any CPU.Deploy.0 = Release|x64
		{6F1CB939-16E1-4753-91B1-A0B5C04D3121}.Debug|iPhone.ActiveCfg = Release|x64
		{6F1CB939-16E1-4753-91B1-A0B5C04D3121}.Debug|iPhone.Build.0 = Release|x64
		{6F1CB939-16E1-4753-91B1-A0B5C04D3121}.Debug|iPhoneSimulator.ActiveCfg = Release|x64
		{6F1CB939-16E1-4753-91B1-A0B5C04D3121}.Debug|iPhoneSimulator.Build.0 = Release|x64
		{6F1CB939-16E1-4753-91B1-A0B5C04D3121}.Debug|x64.ActiveCfg = Release|x64
		{6F1CB939-16E1-4753-91B1-A0B5C04D3121}.Debug|x64.Build.0 = Release|x64
		{6F1CB939-16E1-4753-91B1-A0B5C04D3121}.Debug|x86.ActiveCfg = Release|Win32
		{6F1CB939-16E1-4753-91B1-A0B5C04D3121}.Debug|x86.Build.0 = Release|Win32
		{6F1CB939-16E1-4753-91B1-A0B5C04D3121}.Package|Any CPU.ActiveCfg = Release|x64
		{6F1CB939-16E1-4753-91B1-A0B5C04D3121}.Package|Any CPU.Build.0 = Release|x64
		{6F1CB939-16E1-4753-91B1-A0B5C04D3121}.Package|iPhone.ActiveCfg = Release|Win32
		{6F1CB939-16E1-4753-91B1-A0B5C04D3121}.Package|iPhone.Build.0 = Release|Win32
		{6F1CB939-16E1-4753-91B1-A0B5C04D3121}.Package|iPhoneSimulator.ActiveCfg = Release|Win32
		{6F1CB939-16E1-4753-91B1-A0B5C04D3121}.Package|iPhoneSimulator.Build.0 = Release|Win32
		{6F1CB939-16E1-4753-91B1-A0B5C04D3121}.Package|x64.ActiveCfg = Release|x64
		{6F1CB939-16E1-4753-91B1-A0B5C04D3121}.Package|x64.Build.0 = Release|x64
		{6F1CB939-16E1-4753-91B1-A0B5C04D3121}.Package|x86.ActiveCfg = Release|Win32
		{6F1CB939-16E1-4753-91B1-A0B5C04D3121}.Package|x86.Build.0 = Release|Win32
		{6F1CB939-16E1-4753-91B1-A0B5C04D3121}.Release|Any CPU.ActiveCfg = Release|x64
		{6F1CB939-16E1-4753-91B1-A0B5C04D3121}.Release|Any CPU.Build.0 = Release|x64
		{6F1CB939-16E1-4753-91B1-A0B5C04D3121}.Release|iPhone.ActiveCfg = Release|Win32
		{6F1CB939-16E1-4753-91B1-A0B5C04D3121}.Release|iPhoneSimulator.ActiveCfg = Release|Win32
		{6F1CB939-16E1-4753-91B1-A0B5C04D3121}.Release|x64.ActiveCfg = Release|x64
		{6F1CB939-16E1-4753-91B1-A0B5C04D3121}.Release|x64.Build.0 = Release|x64
		{6F1CB939-16E1-4753-91B1-A0B5C04D3121}.Release|x86.ActiveCfg = Release|Win32
		{6F1CB939-16E1-4753-91B1-A0B5C04D3121}.Release|x86.Build.0 = Release|Win32
		{792AF649-1BB3-4242-8BA3-61F67E357B18}.Debug|Any CPU.ActiveCfg = Debug|Any CPU
		{792AF649-1BB3-4242-8BA3-61F67E357B18}.Debug|Any CPU.Build.0 = Debug|Any CPU
		{792AF649-1BB3-4242-8BA3-61F67E357B18}.Debug|iPhone.ActiveCfg = Debug|Any CPU
		{792AF649-1BB3-4242-8BA3-61F67E357B18}.Debug|iPhone.Build.0 = Debug|Any CPU
		{792AF649-1BB3-4242-8BA3-61F67E357B18}.Debug|iPhoneSimulator.ActiveCfg = Debug|Any CPU
		{792AF649-1BB3-4242-8BA3-61F67E357B18}.Debug|iPhoneSimulator.Build.0 = Debug|Any CPU
		{792AF649-1BB3-4242-8BA3-61F67E357B18}.Debug|x64.ActiveCfg = Debug|Any CPU
		{792AF649-1BB3-4242-8BA3-61F67E357B18}.Debug|x64.Build.0 = Debug|Any CPU
		{792AF649-1BB3-4242-8BA3-61F67E357B18}.Debug|x86.ActiveCfg = Debug|Any CPU
		{792AF649-1BB3-4242-8BA3-61F67E357B18}.Debug|x86.Build.0 = Debug|Any CPU
		{792AF649-1BB3-4242-8BA3-61F67E357B18}.Package|Any CPU.ActiveCfg = Release|Any CPU
		{792AF649-1BB3-4242-8BA3-61F67E357B18}.Package|iPhone.ActiveCfg = Release|Any CPU
		{792AF649-1BB3-4242-8BA3-61F67E357B18}.Package|iPhoneSimulator.ActiveCfg = Release|Any CPU
		{792AF649-1BB3-4242-8BA3-61F67E357B18}.Package|x64.ActiveCfg = Release|Any CPU
		{792AF649-1BB3-4242-8BA3-61F67E357B18}.Package|x86.ActiveCfg = Release|Any CPU
		{792AF649-1BB3-4242-8BA3-61F67E357B18}.Release|Any CPU.ActiveCfg = Release|Any CPU
		{792AF649-1BB3-4242-8BA3-61F67E357B18}.Release|Any CPU.Build.0 = Release|Any CPU
		{792AF649-1BB3-4242-8BA3-61F67E357B18}.Release|iPhone.ActiveCfg = Release|Any CPU
		{792AF649-1BB3-4242-8BA3-61F67E357B18}.Release|iPhone.Build.0 = Release|Any CPU
		{792AF649-1BB3-4242-8BA3-61F67E357B18}.Release|iPhoneSimulator.ActiveCfg = Release|Any CPU
		{792AF649-1BB3-4242-8BA3-61F67E357B18}.Release|iPhoneSimulator.Build.0 = Release|Any CPU
		{792AF649-1BB3-4242-8BA3-61F67E357B18}.Release|x64.ActiveCfg = Release|Any CPU
		{792AF649-1BB3-4242-8BA3-61F67E357B18}.Release|x64.Build.0 = Release|Any CPU
		{792AF649-1BB3-4242-8BA3-61F67E357B18}.Release|x86.ActiveCfg = Release|Any CPU
		{792AF649-1BB3-4242-8BA3-61F67E357B18}.Release|x86.Build.0 = Release|Any CPU
		{9599B6A8-09DA-455C-9391-319A1FCDC5B6}.Debug|Any CPU.ActiveCfg = Debug|Any CPU
		{9599B6A8-09DA-455C-9391-319A1FCDC5B6}.Debug|Any CPU.Build.0 = Debug|Any CPU
		{9599B6A8-09DA-455C-9391-319A1FCDC5B6}.Debug|Any CPU.Deploy.0 = Debug|Any CPU
		{9599B6A8-09DA-455C-9391-319A1FCDC5B6}.Debug|iPhone.ActiveCfg = Debug|Any CPU
		{9599B6A8-09DA-455C-9391-319A1FCDC5B6}.Debug|iPhone.Build.0 = Debug|Any CPU
		{9599B6A8-09DA-455C-9391-319A1FCDC5B6}.Debug|iPhone.Deploy.0 = Debug|Any CPU
		{9599B6A8-09DA-455C-9391-319A1FCDC5B6}.Debug|iPhoneSimulator.ActiveCfg = Debug|Any CPU
		{9599B6A8-09DA-455C-9391-319A1FCDC5B6}.Debug|iPhoneSimulator.Build.0 = Debug|Any CPU
		{9599B6A8-09DA-455C-9391-319A1FCDC5B6}.Debug|iPhoneSimulator.Deploy.0 = Debug|Any CPU
		{9599B6A8-09DA-455C-9391-319A1FCDC5B6}.Debug|x64.ActiveCfg = Debug|Any CPU
		{9599B6A8-09DA-455C-9391-319A1FCDC5B6}.Debug|x64.Build.0 = Debug|Any CPU
		{9599B6A8-09DA-455C-9391-319A1FCDC5B6}.Debug|x64.Deploy.0 = Debug|Any CPU
		{9599B6A8-09DA-455C-9391-319A1FCDC5B6}.Debug|x86.ActiveCfg = Debug|Any CPU
		{9599B6A8-09DA-455C-9391-319A1FCDC5B6}.Debug|x86.Build.0 = Debug|Any CPU
		{9599B6A8-09DA-455C-9391-319A1FCDC5B6}.Debug|x86.Deploy.0 = Debug|Any CPU
		{9599B6A8-09DA-455C-9391-319A1FCDC5B6}.Package|Any CPU.ActiveCfg = Release|Any CPU
		{9599B6A8-09DA-455C-9391-319A1FCDC5B6}.Package|iPhone.ActiveCfg = Release|Any CPU
		{9599B6A8-09DA-455C-9391-319A1FCDC5B6}.Package|iPhoneSimulator.ActiveCfg = Release|Any CPU
		{9599B6A8-09DA-455C-9391-319A1FCDC5B6}.Package|x64.ActiveCfg = Release|Any CPU
		{9599B6A8-09DA-455C-9391-319A1FCDC5B6}.Package|x86.ActiveCfg = Release|Any CPU
		{9599B6A8-09DA-455C-9391-319A1FCDC5B6}.Release|Any CPU.ActiveCfg = Release|Any CPU
		{9599B6A8-09DA-455C-9391-319A1FCDC5B6}.Release|Any CPU.Build.0 = Release|Any CPU
		{9599B6A8-09DA-455C-9391-319A1FCDC5B6}.Release|Any CPU.Deploy.0 = Release|Any CPU
		{9599B6A8-09DA-455C-9391-319A1FCDC5B6}.Release|iPhone.ActiveCfg = Release|Any CPU
		{9599B6A8-09DA-455C-9391-319A1FCDC5B6}.Release|iPhone.Build.0 = Release|Any CPU
		{9599B6A8-09DA-455C-9391-319A1FCDC5B6}.Release|iPhone.Deploy.0 = Release|Any CPU
		{9599B6A8-09DA-455C-9391-319A1FCDC5B6}.Release|iPhoneSimulator.ActiveCfg = Release|Any CPU
		{9599B6A8-09DA-455C-9391-319A1FCDC5B6}.Release|iPhoneSimulator.Build.0 = Release|Any CPU
		{9599B6A8-09DA-455C-9391-319A1FCDC5B6}.Release|iPhoneSimulator.Deploy.0 = Release|Any CPU
		{9599B6A8-09DA-455C-9391-319A1FCDC5B6}.Release|x64.ActiveCfg = Release|Any CPU
		{9599B6A8-09DA-455C-9391-319A1FCDC5B6}.Release|x64.Build.0 = Release|Any CPU
		{9599B6A8-09DA-455C-9391-319A1FCDC5B6}.Release|x64.Deploy.0 = Release|Any CPU
		{9599B6A8-09DA-455C-9391-319A1FCDC5B6}.Release|x86.ActiveCfg = Release|Any CPU
		{9599B6A8-09DA-455C-9391-319A1FCDC5B6}.Release|x86.Build.0 = Release|Any CPU
		{9599B6A8-09DA-455C-9391-319A1FCDC5B6}.Release|x86.Deploy.0 = Release|Any CPU
		{4190D8C8-C168-4B6C-B76C-0F4F63E7D5CF}.Debug|Any CPU.ActiveCfg = Debug|iPhone
		{4190D8C8-C168-4B6C-B76C-0F4F63E7D5CF}.Debug|iPhone.ActiveCfg = Debug|iPhone
		{4190D8C8-C168-4B6C-B76C-0F4F63E7D5CF}.Debug|iPhone.Build.0 = Debug|iPhone
		{4190D8C8-C168-4B6C-B76C-0F4F63E7D5CF}.Debug|iPhoneSimulator.ActiveCfg = Debug|iPhoneSimulator
		{4190D8C8-C168-4B6C-B76C-0F4F63E7D5CF}.Debug|iPhoneSimulator.Build.0 = Debug|iPhoneSimulator
		{4190D8C8-C168-4B6C-B76C-0F4F63E7D5CF}.Debug|x64.ActiveCfg = Debug|iPhone
		{4190D8C8-C168-4B6C-B76C-0F4F63E7D5CF}.Debug|x86.ActiveCfg = Debug|iPhone
		{4190D8C8-C168-4B6C-B76C-0F4F63E7D5CF}.Package|Any CPU.ActiveCfg = Release|iPhone
		{4190D8C8-C168-4B6C-B76C-0F4F63E7D5CF}.Package|iPhone.ActiveCfg = Release|iPhone
		{4190D8C8-C168-4B6C-B76C-0F4F63E7D5CF}.Package|iPhoneSimulator.ActiveCfg = Release|iPhoneSimulator
		{4190D8C8-C168-4B6C-B76C-0F4F63E7D5CF}.Package|x64.ActiveCfg = Release|iPhone
		{4190D8C8-C168-4B6C-B76C-0F4F63E7D5CF}.Package|x86.ActiveCfg = Release|iPhone
		{4190D8C8-C168-4B6C-B76C-0F4F63E7D5CF}.Release|Any CPU.ActiveCfg = Release|iPhone
		{4190D8C8-C168-4B6C-B76C-0F4F63E7D5CF}.Release|iPhone.ActiveCfg = Release|iPhone
		{4190D8C8-C168-4B6C-B76C-0F4F63E7D5CF}.Release|iPhone.Build.0 = Release|iPhone
		{4190D8C8-C168-4B6C-B76C-0F4F63E7D5CF}.Release|iPhoneSimulator.ActiveCfg = Release|iPhoneSimulator
		{4190D8C8-C168-4B6C-B76C-0F4F63E7D5CF}.Release|iPhoneSimulator.Build.0 = Release|iPhoneSimulator
		{4190D8C8-C168-4B6C-B76C-0F4F63E7D5CF}.Release|x64.ActiveCfg = Release|iPhone
		{4190D8C8-C168-4B6C-B76C-0F4F63E7D5CF}.Release|x86.ActiveCfg = Release|iPhone
		{DDE9D8D7-503E-483E-BD58-0284A63779DC}.Debug|Any CPU.ActiveCfg = Debug|Any CPU
		{DDE9D8D7-503E-483E-BD58-0284A63779DC}.Debug|Any CPU.Build.0 = Debug|Any CPU
		{DDE9D8D7-503E-483E-BD58-0284A63779DC}.Debug|iPhone.ActiveCfg = Debug|Any CPU
		{DDE9D8D7-503E-483E-BD58-0284A63779DC}.Debug|iPhone.Build.0 = Debug|Any CPU
		{DDE9D8D7-503E-483E-BD58-0284A63779DC}.Debug|iPhoneSimulator.ActiveCfg = Debug|Any CPU
		{DDE9D8D7-503E-483E-BD58-0284A63779DC}.Debug|iPhoneSimulator.Build.0 = Debug|Any CPU
		{DDE9D8D7-503E-483E-BD58-0284A63779DC}.Debug|x64.ActiveCfg = Debug|Any CPU
		{DDE9D8D7-503E-483E-BD58-0284A63779DC}.Debug|x64.Build.0 = Debug|Any CPU
		{DDE9D8D7-503E-483E-BD58-0284A63779DC}.Debug|x86.ActiveCfg = Debug|Any CPU
		{DDE9D8D7-503E-483E-BD58-0284A63779DC}.Debug|x86.Build.0 = Debug|Any CPU
		{DDE9D8D7-503E-483E-BD58-0284A63779DC}.Package|Any CPU.ActiveCfg = Release|Any CPU
		{DDE9D8D7-503E-483E-BD58-0284A63779DC}.Package|iPhone.ActiveCfg = Release|Any CPU
		{DDE9D8D7-503E-483E-BD58-0284A63779DC}.Package|iPhoneSimulator.ActiveCfg = Release|Any CPU
		{DDE9D8D7-503E-483E-BD58-0284A63779DC}.Package|x64.ActiveCfg = Release|Any CPU
		{DDE9D8D7-503E-483E-BD58-0284A63779DC}.Package|x86.ActiveCfg = Release|Any CPU
		{DDE9D8D7-503E-483E-BD58-0284A63779DC}.Release|Any CPU.ActiveCfg = Release|Any CPU
		{DDE9D8D7-503E-483E-BD58-0284A63779DC}.Release|Any CPU.Build.0 = Release|Any CPU
		{DDE9D8D7-503E-483E-BD58-0284A63779DC}.Release|iPhone.ActiveCfg = Release|Any CPU
		{DDE9D8D7-503E-483E-BD58-0284A63779DC}.Release|iPhone.Build.0 = Release|Any CPU
		{DDE9D8D7-503E-483E-BD58-0284A63779DC}.Release|iPhoneSimulator.ActiveCfg = Release|Any CPU
		{DDE9D8D7-503E-483E-BD58-0284A63779DC}.Release|iPhoneSimulator.Build.0 = Release|Any CPU
		{DDE9D8D7-503E-483E-BD58-0284A63779DC}.Release|x64.ActiveCfg = Release|Any CPU
		{DDE9D8D7-503E-483E-BD58-0284A63779DC}.Release|x64.Build.0 = Release|Any CPU
		{DDE9D8D7-503E-483E-BD58-0284A63779DC}.Release|x86.ActiveCfg = Release|Any CPU
		{DDE9D8D7-503E-483E-BD58-0284A63779DC}.Release|x86.Build.0 = Release|Any CPU
		{AE735CB7-9711-4AC1-8527-AB1C6BE63262}.Debug|Any CPU.ActiveCfg = Debug|Any CPU
		{AE735CB7-9711-4AC1-8527-AB1C6BE63262}.Debug|Any CPU.Build.0 = Debug|Any CPU
		{AE735CB7-9711-4AC1-8527-AB1C6BE63262}.Debug|iPhone.ActiveCfg = Debug|Any CPU
		{AE735CB7-9711-4AC1-8527-AB1C6BE63262}.Debug|iPhone.Build.0 = Debug|Any CPU
		{AE735CB7-9711-4AC1-8527-AB1C6BE63262}.Debug|iPhoneSimulator.ActiveCfg = Debug|Any CPU
		{AE735CB7-9711-4AC1-8527-AB1C6BE63262}.Debug|iPhoneSimulator.Build.0 = Debug|Any CPU
		{AE735CB7-9711-4AC1-8527-AB1C6BE63262}.Debug|x64.ActiveCfg = Debug|Any CPU
		{AE735CB7-9711-4AC1-8527-AB1C6BE63262}.Debug|x64.Build.0 = Debug|Any CPU
		{AE735CB7-9711-4AC1-8527-AB1C6BE63262}.Debug|x86.ActiveCfg = Debug|Any CPU
		{AE735CB7-9711-4AC1-8527-AB1C6BE63262}.Debug|x86.Build.0 = Debug|Any CPU
		{AE735CB7-9711-4AC1-8527-AB1C6BE63262}.Package|Any CPU.ActiveCfg = Release|Any CPU
		{AE735CB7-9711-4AC1-8527-AB1C6BE63262}.Package|iPhone.ActiveCfg = Release|Any CPU
		{AE735CB7-9711-4AC1-8527-AB1C6BE63262}.Package|iPhoneSimulator.ActiveCfg = Release|Any CPU
		{AE735CB7-9711-4AC1-8527-AB1C6BE63262}.Package|x64.ActiveCfg = Release|Any CPU
		{AE735CB7-9711-4AC1-8527-AB1C6BE63262}.Package|x86.ActiveCfg = Release|Any CPU
		{AE735CB7-9711-4AC1-8527-AB1C6BE63262}.Release|Any CPU.ActiveCfg = Release|Any CPU
		{AE735CB7-9711-4AC1-8527-AB1C6BE63262}.Release|Any CPU.Build.0 = Release|Any CPU
		{AE735CB7-9711-4AC1-8527-AB1C6BE63262}.Release|iPhone.ActiveCfg = Release|Any CPU
		{AE735CB7-9711-4AC1-8527-AB1C6BE63262}.Release|iPhone.Build.0 = Release|Any CPU
		{AE735CB7-9711-4AC1-8527-AB1C6BE63262}.Release|iPhoneSimulator.ActiveCfg = Release|Any CPU
		{AE735CB7-9711-4AC1-8527-AB1C6BE63262}.Release|iPhoneSimulator.Build.0 = Release|Any CPU
		{AE735CB7-9711-4AC1-8527-AB1C6BE63262}.Release|x64.ActiveCfg = Release|Any CPU
		{AE735CB7-9711-4AC1-8527-AB1C6BE63262}.Release|x64.Build.0 = Release|Any CPU
		{AE735CB7-9711-4AC1-8527-AB1C6BE63262}.Release|x86.ActiveCfg = Release|Any CPU
		{AE735CB7-9711-4AC1-8527-AB1C6BE63262}.Release|x86.Build.0 = Release|Any CPU
		{C9D62FA9-7107-466F-BD0D-B0AAA69D975B}.Debug|Any CPU.ActiveCfg = Debug|Any CPU
		{C9D62FA9-7107-466F-BD0D-B0AAA69D975B}.Debug|Any CPU.Build.0 = Debug|Any CPU
		{C9D62FA9-7107-466F-BD0D-B0AAA69D975B}.Debug|iPhone.ActiveCfg = Debug|Any CPU
		{C9D62FA9-7107-466F-BD0D-B0AAA69D975B}.Debug|iPhone.Build.0 = Debug|Any CPU
		{C9D62FA9-7107-466F-BD0D-B0AAA69D975B}.Debug|iPhoneSimulator.ActiveCfg = Debug|Any CPU
		{C9D62FA9-7107-466F-BD0D-B0AAA69D975B}.Debug|iPhoneSimulator.Build.0 = Debug|Any CPU
		{C9D62FA9-7107-466F-BD0D-B0AAA69D975B}.Debug|x64.ActiveCfg = Debug|Any CPU
		{C9D62FA9-7107-466F-BD0D-B0AAA69D975B}.Debug|x64.Build.0 = Debug|Any CPU
		{C9D62FA9-7107-466F-BD0D-B0AAA69D975B}.Debug|x86.ActiveCfg = Debug|Any CPU
		{C9D62FA9-7107-466F-BD0D-B0AAA69D975B}.Debug|x86.Build.0 = Debug|Any CPU
		{C9D62FA9-7107-466F-BD0D-B0AAA69D975B}.Package|Any CPU.ActiveCfg = Release Mac|Any CPU
		{C9D62FA9-7107-466F-BD0D-B0AAA69D975B}.Package|iPhone.ActiveCfg = Release Mac|Any CPU
		{C9D62FA9-7107-466F-BD0D-B0AAA69D975B}.Package|iPhoneSimulator.ActiveCfg = Release Mac|Any CPU
		{C9D62FA9-7107-466F-BD0D-B0AAA69D975B}.Package|x64.ActiveCfg = Release Mac|Any CPU
		{C9D62FA9-7107-466F-BD0D-B0AAA69D975B}.Package|x86.ActiveCfg = Release Mac|Any CPU
		{C9D62FA9-7107-466F-BD0D-B0AAA69D975B}.Release|Any CPU.ActiveCfg = Release|Any CPU
		{C9D62FA9-7107-466F-BD0D-B0AAA69D975B}.Release|Any CPU.Build.0 = Release|Any CPU
		{C9D62FA9-7107-466F-BD0D-B0AAA69D975B}.Release|iPhone.ActiveCfg = Release|Any CPU
		{C9D62FA9-7107-466F-BD0D-B0AAA69D975B}.Release|iPhone.Build.0 = Release|Any CPU
		{C9D62FA9-7107-466F-BD0D-B0AAA69D975B}.Release|iPhoneSimulator.ActiveCfg = Release|Any CPU
		{C9D62FA9-7107-466F-BD0D-B0AAA69D975B}.Release|iPhoneSimulator.Build.0 = Release|Any CPU
		{C9D62FA9-7107-466F-BD0D-B0AAA69D975B}.Release|x64.ActiveCfg = Release|Any CPU
		{C9D62FA9-7107-466F-BD0D-B0AAA69D975B}.Release|x64.Build.0 = Release|Any CPU
		{C9D62FA9-7107-466F-BD0D-B0AAA69D975B}.Release|x86.ActiveCfg = Release|Any CPU
		{C9D62FA9-7107-466F-BD0D-B0AAA69D975B}.Release|x86.Build.0 = Release|Any CPU
		{048373C2-B60A-4F61-B095-287C57437EFB}.Debug|Any CPU.ActiveCfg = Debug|Any CPU
		{048373C2-B60A-4F61-B095-287C57437EFB}.Debug|Any CPU.Build.0 = Debug|Any CPU
		{048373C2-B60A-4F61-B095-287C57437EFB}.Debug|iPhone.ActiveCfg = Debug|Any CPU
		{048373C2-B60A-4F61-B095-287C57437EFB}.Debug|iPhone.Build.0 = Debug|Any CPU
		{048373C2-B60A-4F61-B095-287C57437EFB}.Debug|iPhoneSimulator.ActiveCfg = Debug|Any CPU
		{048373C2-B60A-4F61-B095-287C57437EFB}.Debug|iPhoneSimulator.Build.0 = Debug|Any CPU
		{048373C2-B60A-4F61-B095-287C57437EFB}.Debug|x64.ActiveCfg = Debug|Any CPU
		{048373C2-B60A-4F61-B095-287C57437EFB}.Debug|x64.Build.0 = Debug|Any CPU
		{048373C2-B60A-4F61-B095-287C57437EFB}.Debug|x86.ActiveCfg = Debug|Any CPU
		{048373C2-B60A-4F61-B095-287C57437EFB}.Debug|x86.Build.0 = Debug|Any CPU
		{048373C2-B60A-4F61-B095-287C57437EFB}.Package|Any CPU.ActiveCfg = Release|Any CPU
		{048373C2-B60A-4F61-B095-287C57437EFB}.Package|iPhone.ActiveCfg = Release|Any CPU
		{048373C2-B60A-4F61-B095-287C57437EFB}.Package|iPhone.Build.0 = Release|Any CPU
		{048373C2-B60A-4F61-B095-287C57437EFB}.Package|iPhoneSimulator.ActiveCfg = Release|Any CPU
		{048373C2-B60A-4F61-B095-287C57437EFB}.Package|iPhoneSimulator.Build.0 = Release|Any CPU
		{048373C2-B60A-4F61-B095-287C57437EFB}.Package|x64.ActiveCfg = Release|Any CPU
		{048373C2-B60A-4F61-B095-287C57437EFB}.Package|x86.ActiveCfg = Release|Any CPU
		{048373C2-B60A-4F61-B095-287C57437EFB}.Release|Any CPU.ActiveCfg = Release|Any CPU
		{048373C2-B60A-4F61-B095-287C57437EFB}.Release|Any CPU.Build.0 = Release|Any CPU
		{048373C2-B60A-4F61-B095-287C57437EFB}.Release|iPhone.ActiveCfg = Release|Any CPU
		{048373C2-B60A-4F61-B095-287C57437EFB}.Release|iPhone.Build.0 = Release|Any CPU
		{048373C2-B60A-4F61-B095-287C57437EFB}.Release|iPhoneSimulator.ActiveCfg = Release|Any CPU
		{048373C2-B60A-4F61-B095-287C57437EFB}.Release|iPhoneSimulator.Build.0 = Release|Any CPU
		{048373C2-B60A-4F61-B095-287C57437EFB}.Release|x64.ActiveCfg = Release|Any CPU
		{048373C2-B60A-4F61-B095-287C57437EFB}.Release|x64.Build.0 = Release|Any CPU
		{048373C2-B60A-4F61-B095-287C57437EFB}.Release|x86.ActiveCfg = Release|Any CPU
		{048373C2-B60A-4F61-B095-287C57437EFB}.Release|x86.Build.0 = Release|Any CPU
		{F0C1189B-75F7-4BD8-B394-A23D5B03EFF6}.Debug|Any CPU.ActiveCfg = Debug|Any CPU
		{F0C1189B-75F7-4BD8-B394-A23D5B03EFF6}.Debug|Any CPU.Build.0 = Debug|Any CPU
		{F0C1189B-75F7-4BD8-B394-A23D5B03EFF6}.Debug|iPhone.ActiveCfg = Debug|Any CPU
		{F0C1189B-75F7-4BD8-B394-A23D5B03EFF6}.Debug|iPhone.Build.0 = Debug|Any CPU
		{F0C1189B-75F7-4BD8-B394-A23D5B03EFF6}.Debug|iPhoneSimulator.ActiveCfg = Debug|Any CPU
		{F0C1189B-75F7-4BD8-B394-A23D5B03EFF6}.Debug|iPhoneSimulator.Build.0 = Debug|Any CPU
		{F0C1189B-75F7-4BD8-B394-A23D5B03EFF6}.Debug|x64.ActiveCfg = Debug|Any CPU
		{F0C1189B-75F7-4BD8-B394-A23D5B03EFF6}.Debug|x64.Build.0 = Debug|Any CPU
		{F0C1189B-75F7-4BD8-B394-A23D5B03EFF6}.Debug|x86.ActiveCfg = Debug|Any CPU
		{F0C1189B-75F7-4BD8-B394-A23D5B03EFF6}.Debug|x86.Build.0 = Debug|Any CPU
		{F0C1189B-75F7-4BD8-B394-A23D5B03EFF6}.Package|Any CPU.ActiveCfg = Release|Any CPU
		{F0C1189B-75F7-4BD8-B394-A23D5B03EFF6}.Package|Any CPU.Build.0 = Release|Any CPU
		{F0C1189B-75F7-4BD8-B394-A23D5B03EFF6}.Package|iPhone.ActiveCfg = Release|Any CPU
		{F0C1189B-75F7-4BD8-B394-A23D5B03EFF6}.Package|iPhone.Build.0 = Release|Any CPU
		{F0C1189B-75F7-4BD8-B394-A23D5B03EFF6}.Package|iPhoneSimulator.ActiveCfg = Release|Any CPU
		{F0C1189B-75F7-4BD8-B394-A23D5B03EFF6}.Package|iPhoneSimulator.Build.0 = Release|Any CPU
		{F0C1189B-75F7-4BD8-B394-A23D5B03EFF6}.Package|x64.ActiveCfg = Release|Any CPU
		{F0C1189B-75F7-4BD8-B394-A23D5B03EFF6}.Package|x64.Build.0 = Release|Any CPU
		{F0C1189B-75F7-4BD8-B394-A23D5B03EFF6}.Package|x86.ActiveCfg = Release|Any CPU
		{F0C1189B-75F7-4BD8-B394-A23D5B03EFF6}.Package|x86.Build.0 = Release|Any CPU
		{F0C1189B-75F7-4BD8-B394-A23D5B03EFF6}.Release|Any CPU.ActiveCfg = Release|Any CPU
		{F0C1189B-75F7-4BD8-B394-A23D5B03EFF6}.Release|Any CPU.Build.0 = Release|Any CPU
		{F0C1189B-75F7-4BD8-B394-A23D5B03EFF6}.Release|iPhone.ActiveCfg = Release|Any CPU
		{F0C1189B-75F7-4BD8-B394-A23D5B03EFF6}.Release|iPhone.Build.0 = Release|Any CPU
		{F0C1189B-75F7-4BD8-B394-A23D5B03EFF6}.Release|iPhoneSimulator.ActiveCfg = Release|Any CPU
		{F0C1189B-75F7-4BD8-B394-A23D5B03EFF6}.Release|iPhoneSimulator.Build.0 = Release|Any CPU
		{F0C1189B-75F7-4BD8-B394-A23D5B03EFF6}.Release|x64.ActiveCfg = Release|Any CPU
		{F0C1189B-75F7-4BD8-B394-A23D5B03EFF6}.Release|x64.Build.0 = Release|Any CPU
		{F0C1189B-75F7-4BD8-B394-A23D5B03EFF6}.Release|x86.ActiveCfg = Release|Any CPU
		{F0C1189B-75F7-4BD8-B394-A23D5B03EFF6}.Release|x86.Build.0 = Release|Any CPU
		{F0359D5E-D6D4-47D3-A9F0-5A97C31DC476}.Debug|Any CPU.ActiveCfg = Debug|Any CPU
		{F0359D5E-D6D4-47D3-A9F0-5A97C31DC476}.Debug|Any CPU.Build.0 = Debug|Any CPU
		{F0359D5E-D6D4-47D3-A9F0-5A97C31DC476}.Debug|iPhone.ActiveCfg = Debug|Any CPU
		{F0359D5E-D6D4-47D3-A9F0-5A97C31DC476}.Debug|iPhone.Build.0 = Debug|Any CPU
		{F0359D5E-D6D4-47D3-A9F0-5A97C31DC476}.Debug|iPhoneSimulator.ActiveCfg = Debug|Any CPU
		{F0359D5E-D6D4-47D3-A9F0-5A97C31DC476}.Debug|iPhoneSimulator.Build.0 = Debug|Any CPU
		{F0359D5E-D6D4-47D3-A9F0-5A97C31DC476}.Debug|x64.ActiveCfg = Debug|Any CPU
		{F0359D5E-D6D4-47D3-A9F0-5A97C31DC476}.Debug|x64.Build.0 = Debug|Any CPU
		{F0359D5E-D6D4-47D3-A9F0-5A97C31DC476}.Debug|x86.ActiveCfg = Debug|Any CPU
		{F0359D5E-D6D4-47D3-A9F0-5A97C31DC476}.Debug|x86.Build.0 = Debug|Any CPU
		{F0359D5E-D6D4-47D3-A9F0-5A97C31DC476}.Package|Any CPU.ActiveCfg = Release|Any CPU
		{F0359D5E-D6D4-47D3-A9F0-5A97C31DC476}.Package|Any CPU.Build.0 = Release|Any CPU
		{F0359D5E-D6D4-47D3-A9F0-5A97C31DC476}.Package|iPhone.ActiveCfg = Release|Any CPU
		{F0359D5E-D6D4-47D3-A9F0-5A97C31DC476}.Package|iPhone.Build.0 = Release|Any CPU
		{F0359D5E-D6D4-47D3-A9F0-5A97C31DC476}.Package|iPhoneSimulator.ActiveCfg = Release|Any CPU
		{F0359D5E-D6D4-47D3-A9F0-5A97C31DC476}.Package|iPhoneSimulator.Build.0 = Release|Any CPU
		{F0359D5E-D6D4-47D3-A9F0-5A97C31DC476}.Package|x64.ActiveCfg = Release|Any CPU
		{F0359D5E-D6D4-47D3-A9F0-5A97C31DC476}.Package|x64.Build.0 = Release|Any CPU
		{F0359D5E-D6D4-47D3-A9F0-5A97C31DC476}.Package|x86.ActiveCfg = Release|Any CPU
		{F0359D5E-D6D4-47D3-A9F0-5A97C31DC476}.Package|x86.Build.0 = Release|Any CPU
		{F0359D5E-D6D4-47D3-A9F0-5A97C31DC476}.Release|Any CPU.ActiveCfg = Release|Any CPU
		{F0359D5E-D6D4-47D3-A9F0-5A97C31DC476}.Release|Any CPU.Build.0 = Release|Any CPU
		{F0359D5E-D6D4-47D3-A9F0-5A97C31DC476}.Release|iPhone.ActiveCfg = Release|Any CPU
		{F0359D5E-D6D4-47D3-A9F0-5A97C31DC476}.Release|iPhone.Build.0 = Release|Any CPU
		{F0359D5E-D6D4-47D3-A9F0-5A97C31DC476}.Release|iPhoneSimulator.ActiveCfg = Release|Any CPU
		{F0359D5E-D6D4-47D3-A9F0-5A97C31DC476}.Release|iPhoneSimulator.Build.0 = Release|Any CPU
		{F0359D5E-D6D4-47D3-A9F0-5A97C31DC476}.Release|x64.ActiveCfg = Release|Any CPU
		{F0359D5E-D6D4-47D3-A9F0-5A97C31DC476}.Release|x64.Build.0 = Release|Any CPU
		{F0359D5E-D6D4-47D3-A9F0-5A97C31DC476}.Release|x86.ActiveCfg = Release|Any CPU
		{F0359D5E-D6D4-47D3-A9F0-5A97C31DC476}.Release|x86.Build.0 = Release|Any CPU
		{D599C47F-B9E0-4A58-82E8-6286E0442E8F}.Debug|Any CPU.ActiveCfg = Debug|Any CPU
		{D599C47F-B9E0-4A58-82E8-6286E0442E8F}.Debug|Any CPU.Build.0 = Debug|Any CPU
		{D599C47F-B9E0-4A58-82E8-6286E0442E8F}.Debug|iPhone.ActiveCfg = Debug|Any CPU
		{D599C47F-B9E0-4A58-82E8-6286E0442E8F}.Debug|iPhone.Build.0 = Debug|Any CPU
		{D599C47F-B9E0-4A58-82E8-6286E0442E8F}.Debug|iPhoneSimulator.ActiveCfg = Debug|Any CPU
		{D599C47F-B9E0-4A58-82E8-6286E0442E8F}.Debug|iPhoneSimulator.Build.0 = Debug|Any CPU
		{D599C47F-B9E0-4A58-82E8-6286E0442E8F}.Debug|x64.ActiveCfg = Debug|Any CPU
		{D599C47F-B9E0-4A58-82E8-6286E0442E8F}.Debug|x64.Build.0 = Debug|Any CPU
		{D599C47F-B9E0-4A58-82E8-6286E0442E8F}.Debug|x86.ActiveCfg = Debug|Any CPU
		{D599C47F-B9E0-4A58-82E8-6286E0442E8F}.Debug|x86.Build.0 = Debug|Any CPU
		{D599C47F-B9E0-4A58-82E8-6286E0442E8F}.Package|Any CPU.ActiveCfg = Release|Any CPU
		{D599C47F-B9E0-4A58-82E8-6286E0442E8F}.Package|iPhone.ActiveCfg = Release|Any CPU
		{D599C47F-B9E0-4A58-82E8-6286E0442E8F}.Package|iPhone.Build.0 = Release|Any CPU
		{D599C47F-B9E0-4A58-82E8-6286E0442E8F}.Package|iPhoneSimulator.ActiveCfg = Release|Any CPU
		{D599C47F-B9E0-4A58-82E8-6286E0442E8F}.Package|iPhoneSimulator.Build.0 = Release|Any CPU
		{D599C47F-B9E0-4A58-82E8-6286E0442E8F}.Package|x64.ActiveCfg = Release|Any CPU
		{D599C47F-B9E0-4A58-82E8-6286E0442E8F}.Package|x86.ActiveCfg = Release|Any CPU
		{D599C47F-B9E0-4A58-82E8-6286E0442E8F}.Release|Any CPU.ActiveCfg = Release|Any CPU
		{D599C47F-B9E0-4A58-82E8-6286E0442E8F}.Release|Any CPU.Build.0 = Release|Any CPU
		{D599C47F-B9E0-4A58-82E8-6286E0442E8F}.Release|iPhone.ActiveCfg = Release|Any CPU
		{D599C47F-B9E0-4A58-82E8-6286E0442E8F}.Release|iPhone.Build.0 = Release|Any CPU
		{D599C47F-B9E0-4A58-82E8-6286E0442E8F}.Release|iPhoneSimulator.ActiveCfg = Release|Any CPU
		{D599C47F-B9E0-4A58-82E8-6286E0442E8F}.Release|iPhoneSimulator.Build.0 = Release|Any CPU
		{D599C47F-B9E0-4A58-82E8-6286E0442E8F}.Release|x64.ActiveCfg = Release|Any CPU
		{D599C47F-B9E0-4A58-82E8-6286E0442E8F}.Release|x64.Build.0 = Release|Any CPU
		{D599C47F-B9E0-4A58-82E8-6286E0442E8F}.Release|x86.ActiveCfg = Release|Any CPU
		{D599C47F-B9E0-4A58-82E8-6286E0442E8F}.Release|x86.Build.0 = Release|Any CPU
		{8BAE491B-46F0-4A51-A456-D7A3B332BDC4}.Debug|Any CPU.ActiveCfg = Debug|Any CPU
		{8BAE491B-46F0-4A51-A456-D7A3B332BDC4}.Debug|Any CPU.Build.0 = Debug|Any CPU
		{8BAE491B-46F0-4A51-A456-D7A3B332BDC4}.Debug|iPhone.ActiveCfg = Debug|Any CPU
		{8BAE491B-46F0-4A51-A456-D7A3B332BDC4}.Debug|iPhone.Build.0 = Debug|Any CPU
		{8BAE491B-46F0-4A51-A456-D7A3B332BDC4}.Debug|iPhoneSimulator.ActiveCfg = Debug|Any CPU
		{8BAE491B-46F0-4A51-A456-D7A3B332BDC4}.Debug|iPhoneSimulator.Build.0 = Debug|Any CPU
		{8BAE491B-46F0-4A51-A456-D7A3B332BDC4}.Debug|x64.ActiveCfg = Debug|Any CPU
		{8BAE491B-46F0-4A51-A456-D7A3B332BDC4}.Debug|x64.Build.0 = Debug|Any CPU
		{8BAE491B-46F0-4A51-A456-D7A3B332BDC4}.Debug|x86.ActiveCfg = Debug|Any CPU
		{8BAE491B-46F0-4A51-A456-D7A3B332BDC4}.Debug|x86.Build.0 = Debug|Any CPU
		{8BAE491B-46F0-4A51-A456-D7A3B332BDC4}.Package|Any CPU.ActiveCfg = Release|Any CPU
		{8BAE491B-46F0-4A51-A456-D7A3B332BDC4}.Package|iPhone.ActiveCfg = Release|Any CPU
		{8BAE491B-46F0-4A51-A456-D7A3B332BDC4}.Package|iPhone.Build.0 = Release|Any CPU
		{8BAE491B-46F0-4A51-A456-D7A3B332BDC4}.Package|iPhoneSimulator.ActiveCfg = Release|Any CPU
		{8BAE491B-46F0-4A51-A456-D7A3B332BDC4}.Package|iPhoneSimulator.Build.0 = Release|Any CPU
		{8BAE491B-46F0-4A51-A456-D7A3B332BDC4}.Package|x64.ActiveCfg = Release|Any CPU
		{8BAE491B-46F0-4A51-A456-D7A3B332BDC4}.Package|x86.ActiveCfg = Release|Any CPU
		{8BAE491B-46F0-4A51-A456-D7A3B332BDC4}.Release|Any CPU.ActiveCfg = Release|Any CPU
		{8BAE491B-46F0-4A51-A456-D7A3B332BDC4}.Release|Any CPU.Build.0 = Release|Any CPU
		{8BAE491B-46F0-4A51-A456-D7A3B332BDC4}.Release|iPhone.ActiveCfg = Release|Any CPU
		{8BAE491B-46F0-4A51-A456-D7A3B332BDC4}.Release|iPhone.Build.0 = Release|Any CPU
		{8BAE491B-46F0-4A51-A456-D7A3B332BDC4}.Release|iPhoneSimulator.ActiveCfg = Release|Any CPU
		{8BAE491B-46F0-4A51-A456-D7A3B332BDC4}.Release|iPhoneSimulator.Build.0 = Release|Any CPU
		{8BAE491B-46F0-4A51-A456-D7A3B332BDC4}.Release|x64.ActiveCfg = Release|Any CPU
		{8BAE491B-46F0-4A51-A456-D7A3B332BDC4}.Release|x64.Build.0 = Release|Any CPU
		{8BAE491B-46F0-4A51-A456-D7A3B332BDC4}.Release|x86.ActiveCfg = Release|Any CPU
		{8BAE491B-46F0-4A51-A456-D7A3B332BDC4}.Release|x86.Build.0 = Release|Any CPU
		{8F3352BA-BF6A-49F8-81D6-58D54B3EA72B}.Debug|Any CPU.ActiveCfg = Debug|Any CPU
		{8F3352BA-BF6A-49F8-81D6-58D54B3EA72B}.Debug|Any CPU.Build.0 = Debug|Any CPU
		{8F3352BA-BF6A-49F8-81D6-58D54B3EA72B}.Debug|iPhone.ActiveCfg = Debug|Any CPU
		{8F3352BA-BF6A-49F8-81D6-58D54B3EA72B}.Debug|iPhone.Build.0 = Debug|Any CPU
		{8F3352BA-BF6A-49F8-81D6-58D54B3EA72B}.Debug|iPhoneSimulator.ActiveCfg = Debug|Any CPU
		{8F3352BA-BF6A-49F8-81D6-58D54B3EA72B}.Debug|iPhoneSimulator.Build.0 = Debug|Any CPU
		{8F3352BA-BF6A-49F8-81D6-58D54B3EA72B}.Debug|x64.ActiveCfg = Debug|Any CPU
		{8F3352BA-BF6A-49F8-81D6-58D54B3EA72B}.Debug|x64.Build.0 = Debug|Any CPU
		{8F3352BA-BF6A-49F8-81D6-58D54B3EA72B}.Debug|x86.ActiveCfg = Debug|Any CPU
		{8F3352BA-BF6A-49F8-81D6-58D54B3EA72B}.Debug|x86.Build.0 = Debug|Any CPU
		{8F3352BA-BF6A-49F8-81D6-58D54B3EA72B}.Package|Any CPU.ActiveCfg = Release|Any CPU
		{8F3352BA-BF6A-49F8-81D6-58D54B3EA72B}.Package|iPhone.ActiveCfg = Release|Any CPU
		{8F3352BA-BF6A-49F8-81D6-58D54B3EA72B}.Package|iPhone.Build.0 = Release|Any CPU
		{8F3352BA-BF6A-49F8-81D6-58D54B3EA72B}.Package|iPhoneSimulator.ActiveCfg = Release|Any CPU
		{8F3352BA-BF6A-49F8-81D6-58D54B3EA72B}.Package|iPhoneSimulator.Build.0 = Release|Any CPU
		{8F3352BA-BF6A-49F8-81D6-58D54B3EA72B}.Package|x64.ActiveCfg = Release|Any CPU
		{8F3352BA-BF6A-49F8-81D6-58D54B3EA72B}.Package|x86.ActiveCfg = Release|Any CPU
		{8F3352BA-BF6A-49F8-81D6-58D54B3EA72B}.Release|Any CPU.ActiveCfg = Release|Any CPU
		{8F3352BA-BF6A-49F8-81D6-58D54B3EA72B}.Release|Any CPU.Build.0 = Release|Any CPU
		{8F3352BA-BF6A-49F8-81D6-58D54B3EA72B}.Release|iPhone.ActiveCfg = Release|Any CPU
		{8F3352BA-BF6A-49F8-81D6-58D54B3EA72B}.Release|iPhone.Build.0 = Release|Any CPU
		{8F3352BA-BF6A-49F8-81D6-58D54B3EA72B}.Release|iPhoneSimulator.ActiveCfg = Release|Any CPU
		{8F3352BA-BF6A-49F8-81D6-58D54B3EA72B}.Release|iPhoneSimulator.Build.0 = Release|Any CPU
		{8F3352BA-BF6A-49F8-81D6-58D54B3EA72B}.Release|x64.ActiveCfg = Release|Any CPU
		{8F3352BA-BF6A-49F8-81D6-58D54B3EA72B}.Release|x64.Build.0 = Release|Any CPU
		{8F3352BA-BF6A-49F8-81D6-58D54B3EA72B}.Release|x86.ActiveCfg = Release|Any CPU
		{8F3352BA-BF6A-49F8-81D6-58D54B3EA72B}.Release|x86.Build.0 = Release|Any CPU
	EndGlobalSection
	GlobalSection(SolutionProperties) = preSolution
		HideSolutionNode = FALSE
	EndGlobalSection
	GlobalSection(NestedProjects) = preSolution
		{6F1CB939-16E1-4753-91B1-A0B5C04D3121} = {02DFD71E-AC0B-4D8A-9038-CD4EE9ED7209}
		{792AF649-1BB3-4242-8BA3-61F67E357B18} = {207BA5C8-8E07-4B99-BC08-5564F529698A}
		{9599B6A8-09DA-455C-9391-319A1FCDC5B6} = {207BA5C8-8E07-4B99-BC08-5564F529698A}
		{4190D8C8-C168-4B6C-B76C-0F4F63E7D5CF} = {207BA5C8-8E07-4B99-BC08-5564F529698A}
		{DDE9D8D7-503E-483E-BD58-0284A63779DC} = {207BA5C8-8E07-4B99-BC08-5564F529698A}
		{AE735CB7-9711-4AC1-8527-AB1C6BE63262} = {207BA5C8-8E07-4B99-BC08-5564F529698A}
		{C9D62FA9-7107-466F-BD0D-B0AAA69D975B} = {207BA5C8-8E07-4B99-BC08-5564F529698A}
	EndGlobalSection
EndGlobal
