<?xml version="1.0" encoding="utf-8"?>
<Project ToolsVersion="4.0" xmlns="http://schemas.microsoft.com/developer/msbuild/2003">
  <ItemGroup>
    <ClCompile Include="..\..\..\Bindings\Native\glue.cpp" />
    <ClCompile Include="..\..\..\Bindings\Native\vector.cpp" />
    <ClCompile Include="..\..\..\Bindings\Native\ApplicationProxy.cpp" />
    <ClCompile Include="..\..\..\Bindings\Portable\Generated\events.cpp" />
    <ClCompile Include="..\..\..\Bindings\Portable\Generated\binding.cpp" />
    <ClCompile Include="SwapChainDevice.cpp" />
  </ItemGroup>
  <ItemGroup>
    <ClInclude Include="..\..\..\Bindings\Native\glue.h" />
    <ClInclude Include="..\..\..\Bindings\Native\interop.h" />
    <ClInclude Include="..\..\..\Bindings\Native\AllUrho.h" />
    <ClInclude Include="..\..\..\Bindings\Native\ApplicationProxy.h" />
  </ItemGroup>
  <ItemGroup>
    <None Include="MonoUrho.UWP_TemporaryKey.pfx" />
  </ItemGroup>
</Project>