
Microsoft Visual Studio Solution File, Format Version 12.00
# Visual Studio 14
VisualStudioVersion = 14.0.25123.0
MinimumVisualStudioVersion = 10.0.40219.1
Project("{FAE04EC0-301F-11D3-BF4B-00C04F79EFBC}") = "SharpieBinder", "SharpieBinder.csproj", "{B180BDB5-E041-46CC-A1BD-4616D81BC15F}"
EndProject
Project("{FAE04EC0-301F-11D3-BF4B-00C04F79EFBC}") = "Urho", "..\Bindings\Portable\Urho.csproj", "{641886DB-2C6C-4D33-88DA-97BEC0EC5F86}"
EndProject
Project("{FAE04EC0-301F-11D3-BF4B-00C04F79EFBC}") = "StructsValidator", "StructsValidator\StructsValidator.csproj", "{CA2EC759-D4EC-46E4-9592-9C55B0649D81}"
EndProject
Project("{FAE04EC0-301F-11D3-BF4B-00C04F79EFBC}") = "AssetsModelGenerator", "AssetsModelGenerator\AssetsModelGenerator.csproj", "{6A8BB38A-2C9B-4A5C-AA03-8FCD7DF35C87}"
EndProject
Project("{D954291E-2A0B-460D-934E-DC6B0785DB48}") = "Urho.Shared", "..\Bindings\Urho.Shared.shproj", "{05693742-16E4-45AD-B7DD-B5F3DE51BC11}"
EndProject
Global
	GlobalSection(SolutionConfigurationPlatforms) = preSolution
		Debug|Any CPU = Debug|Any CPU
		Debug|x86 = Debug|x86
		Release|Any CPU = Release|Any CPU
		Release|x86 = Release|x86
	EndGlobalSection
	GlobalSection(ProjectConfigurationPlatforms) = postSolution
		{B180BDB5-E041-46CC-A1BD-4616D81BC15F}.Debug|Any CPU.ActiveCfg = Debug|x86
		{B180BDB5-E041-46CC-A1BD-4616D81BC15F}.Debug|x86.ActiveCfg = Debug|x86
		{B180BDB5-E041-46CC-A1BD-4616D81BC15F}.Debug|x86.Build.0 = Debug|x86
		{B180BDB5-E041-46CC-A1BD-4616D81BC15F}.Release|Any CPU.ActiveCfg = Debug|x86
		{B180BDB5-E041-46CC-A1BD-4616D81BC15F}.Release|Any CPU.Build.0 = Debug|x86
		{B180BDB5-E041-46CC-A1BD-4616D81BC15F}.Release|x86.ActiveCfg = Debug|x86
		{B180BDB5-E041-46CC-A1BD-4616D81BC15F}.Release|x86.Build.0 = Debug|x86
		{641886DB-2C6C-4D33-88DA-97BEC0EC5F86}.Debug|Any CPU.ActiveCfg = Debug|Any CPU
		{641886DB-2C6C-4D33-88DA-97BEC0EC5F86}.Debug|Any CPU.Build.0 = Debug|Any CPU
		{641886DB-2C6C-4D33-88DA-97BEC0EC5F86}.Debug|x86.ActiveCfg = Debug|Any CPU
		{641886DB-2C6C-4D33-88DA-97BEC0EC5F86}.Debug|x86.Build.0 = Debug|Any CPU
		{641886DB-2C6C-4D33-88DA-97BEC0EC5F86}.Release|Any CPU.ActiveCfg = Release|Any CPU
		{641886DB-2C6C-4D33-88DA-97BEC0EC5F86}.Release|Any CPU.Build.0 = Release|Any CPU
		{641886DB-2C6C-4D33-88DA-97BEC0EC5F86}.Release|x86.ActiveCfg = Release|Any CPU
		{641886DB-2C6C-4D33-88DA-97BEC0EC5F86}.Release|x86.Build.0 = Release|Any CPU
		{CA2EC759-D4EC-46E4-9592-9C55B0649D81}.Debug|Any CPU.ActiveCfg = Debug|Any CPU
		{CA2EC759-D4EC-46E4-9592-9C55B0649D81}.Debug|Any CPU.Build.0 = Debug|Any CPU
		{CA2EC759-D4EC-46E4-9592-9C55B0649D81}.Debug|x86.ActiveCfg = Debug|Any CPU
		{CA2EC759-D4EC-46E4-9592-9C55B0649D81}.Debug|x86.Build.0 = Debug|Any CPU
		{CA2EC759-D4EC-46E4-9592-9C55B0649D81}.Release|Any CPU.ActiveCfg = Debug|Any CPU
		{CA2EC759-D4EC-46E4-9592-9C55B0649D81}.Release|Any CPU.Build.0 = Debug|Any CPU
		{CA2EC759-D4EC-46E4-9592-9C55B0649D81}.Release|x86.ActiveCfg = Debug|Any CPU
		{CA2EC759-D4EC-46E4-9592-9C55B0649D81}.Release|x86.Build.0 = Debug|Any CPU
		{6A8BB38A-2C9B-4A5C-AA03-8FCD7DF35C87}.Debug|Any CPU.ActiveCfg = Debug|Any CPU
		{6A8BB38A-2C9B-4A5C-AA03-8FCD7DF35C87}.Debug|Any CPU.Build.0 = Debug|Any CPU
		{6A8BB38A-2C9B-4A5C-AA03-8FCD7DF35C87}.Debug|x86.ActiveCfg = Debug|Any CPU
		{6A8BB38A-2C9B-4A5C-AA03-8FCD7DF35C87}.Debug|x86.Build.0 = Debug|Any CPU
		{6A8BB38A-2C9B-4A5C-AA03-8FCD7DF35C87}.Release|Any CPU.ActiveCfg = Release|Any CPU
		{6A8BB38A-2C9B-4A5C-AA03-8FCD7DF35C87}.Release|Any CPU.Build.0 = Release|Any CPU
		{6A8BB38A-2C9B-4A5C-AA03-8FCD7DF35C87}.Release|x86.ActiveCfg = Release|Any CPU
		{6A8BB38A-2C9B-4A5C-AA03-8FCD7DF35C87}.Release|x86.Build.0 = Release|Any CPU
	EndGlobalSection
	GlobalSection(SolutionProperties) = preSolution
		HideSolutionNode = FALSE
	EndGlobalSection
EndGlobal
